// !$*UTF8*$!
{
	archiveVersion = 1;
	classes = {
	};
	objectVersion = 55;
	objects = {

/* Begin PBXBuildFile section */
		1E16181328BF7BE10050BEDF /* AppDelegate.swift in Sources */ = {isa = PBXBuildFile; fileRef = 1E16181228BF7BE10050BEDF /* AppDelegate.swift */; };
		1E16181528BF7BE10050BEDF /* SceneDelegate.swift in Sources */ = {isa = PBXBuildFile; fileRef = 1E16181428BF7BE10050BEDF /* SceneDelegate.swift */; };
		1E16181728BF7BE10050BEDF /* ViewController.swift in Sources */ = {isa = PBXBuildFile; fileRef = 1E16181628BF7BE10050BEDF /* ViewController.swift */; };
		1E16181A28BF7BE10050BEDF /* Main.storyboard in Resources */ = {isa = PBXBuildFile; fileRef = 1E16181828BF7BE10050BEDF /* Main.storyboard */; };
		1E16181C28BF7BE20050BEDF /* Assets.xcassets in Resources */ = {isa = PBXBuildFile; fileRef = 1E16181B28BF7BE20050BEDF /* Assets.xcassets */; };
		1E16181F28BF7BE20050BEDF /* LaunchScreen.storyboard in Resources */ = {isa = PBXBuildFile; fileRef = 1E16181D28BF7BE20050BEDF /* LaunchScreen.storyboard */; };
		1E16182A28BF7BE20050BEDF /* YWHMovieTests.swift in Sources */ = {isa = PBXBuildFile; fileRef = 1E16182928BF7BE20050BEDF /* YWHMovieTests.swift */; };
		1E16183428BF7BE20050BEDF /* YWHMovieUITests.swift in Sources */ = {isa = PBXBuildFile; fileRef = 1E16183328BF7BE20050BEDF /* YWHMovieUITests.swift */; };
		1E16183628BF7BE20050BEDF /* YWHMovieUITestsLaunchTests.swift in Sources */ = {isa = PBXBuildFile; fileRef = 1E16183528BF7BE20050BEDF /* YWHMovieUITestsLaunchTests.swift */; };
		AC84BB9E439636AAB1272864 /* Pods_YWHMovie_YWHMovieUITests.framework in Frameworks */ = {isa = PBXBuildFile; fileRef = 8FBF14B1269580F6B0A9DFBE /* Pods_YWHMovie_YWHMovieUITests.framework */; };
		B5927A0446233F31298F5280 /* Pods_YWHMovie.framework in Frameworks */ = {isa = PBXBuildFile; fileRef = DA7D85BF03162A7F74B884D8 /* Pods_YWHMovie.framework */; };
		D71E8165EDCE95513A7CA20E /* Pods_YWHMovieTests.framework in Frameworks */ = {isa = PBXBuildFile; fileRef = 00852F4750155FDC45CE7DFA /* Pods_YWHMovieTests.framework */; };
/* End PBXBuildFile section */

/* Begin PBXContainerItemProxy section */
		1E16182628BF7BE20050BEDF /* PBXContainerItemProxy */ = {
			isa = PBXContainerItemProxy;
			containerPortal = 1E16180728BF7BE10050BEDF /* Project object */;
			proxyType = 1;
			remoteGlobalIDString = 1E16180E28BF7BE10050BEDF;
			remoteInfo = YWHMovie;
		};
		1E16183028BF7BE20050BEDF /* PBXContainerItemProxy */ = {
			isa = PBXContainerItemProxy;
			containerPortal = 1E16180728BF7BE10050BEDF /* Project object */;
			proxyType = 1;
			remoteGlobalIDString = 1E16180E28BF7BE10050BEDF;
			remoteInfo = YWHMovie;
		};
/* End PBXContainerItemProxy section */

/* Begin PBXFileReference section */
		00852F4750155FDC45CE7DFA /* Pods_YWHMovieTests.framework */ = {isa = PBXFileReference; explicitFileType = wrapper.framework; includeInIndex = 0; path = Pods_YWHMovieTests.framework; sourceTree = BUILT_PRODUCTS_DIR; };
		1E16180F28BF7BE10050BEDF /* YWHMovie.app */ = {isa = PBXFileReference; explicitFileType = wrapper.application; includeInIndex = 0; path = YWHMovie.app; sourceTree = BUILT_PRODUCTS_DIR; };
		1E16181228BF7BE10050BEDF /* AppDelegate.swift */ = {isa = PBXFileReference; lastKnownFileType = sourcecode.swift; path = AppDelegate.swift; sourceTree = "<group>"; };
		1E16181428BF7BE10050BEDF /* SceneDelegate.swift */ = {isa = PBXFileReference; lastKnownFileType = sourcecode.swift; path = SceneDelegate.swift; sourceTree = "<group>"; };
		1E16181628BF7BE10050BEDF /* ViewController.swift */ = {isa = PBXFileReference; lastKnownFileType = sourcecode.swift; path = ViewController.swift; sourceTree = "<group>"; };
		1E16181928BF7BE10050BEDF /* Base */ = {isa = PBXFileReference; lastKnownFileType = file.storyboard; name = Base; path = Base.lproj/Main.storyboard; sourceTree = "<group>"; };
		1E16181B28BF7BE20050BEDF /* Assets.xcassets */ = {isa = PBXFileReference; lastKnownFileType = folder.assetcatalog; path = Assets.xcassets; sourceTree = "<group>"; };
		1E16181E28BF7BE20050BEDF /* Base */ = {isa = PBXFileReference; lastKnownFileType = file.storyboard; name = Base; path = Base.lproj/LaunchScreen.storyboard; sourceTree = "<group>"; };
		1E16182028BF7BE20050BEDF /* Info.plist */ = {isa = PBXFileReference; lastKnownFileType = text.plist.xml; path = Info.plist; sourceTree = "<group>"; };
		1E16182528BF7BE20050BEDF /* YWHMovieTests.xctest */ = {isa = PBXFileReference; explicitFileType = wrapper.cfbundle; includeInIndex = 0; path = YWHMovieTests.xctest; sourceTree = BUILT_PRODUCTS_DIR; };
		1E16182928BF7BE20050BEDF /* YWHMovieTests.swift */ = {isa = PBXFileReference; lastKnownFileType = sourcecode.swift; path = YWHMovieTests.swift; sourceTree = "<group>"; };
		1E16182F28BF7BE20050BEDF /* YWHMovieUITests.xctest */ = {isa = PBXFileReference; explicitFileType = wrapper.cfbundle; includeInIndex = 0; path = YWHMovieUITests.xctest; sourceTree = BUILT_PRODUCTS_DIR; };
		1E16183328BF7BE20050BEDF /* YWHMovieUITests.swift */ = {isa = PBXFileReference; lastKnownFileType = sourcecode.swift; path = YWHMovieUITests.swift; sourceTree = "<group>"; };
		1E16183528BF7BE20050BEDF /* YWHMovieUITestsLaunchTests.swift */ = {isa = PBXFileReference; lastKnownFileType = sourcecode.swift; path = YWHMovieUITestsLaunchTests.swift; sourceTree = "<group>"; };
		2A7E0AE520B1AB24DB18088E /* Pods-YWHMovieTests.release.xcconfig */ = {isa = PBXFileReference; includeInIndex = 1; lastKnownFileType = text.xcconfig; name = "Pods-YWHMovieTests.release.xcconfig"; path = "Target Support Files/Pods-YWHMovieTests/Pods-YWHMovieTests.release.xcconfig"; sourceTree = "<group>"; };
		34BD02602BF1AA54F0F414A5 /* Pods-YWHMovie-YWHMovieUITests.release.xcconfig */ = {isa = PBXFileReference; includeInIndex = 1; lastKnownFileType = text.xcconfig; name = "Pods-YWHMovie-YWHMovieUITests.release.xcconfig"; path = "Target Support Files/Pods-YWHMovie-YWHMovieUITests/Pods-YWHMovie-YWHMovieUITests.release.xcconfig"; sourceTree = "<group>"; };
		572B6599F24F20C8AD8EF3A3 /* Pods-YWHMovieTests.debug.xcconfig */ = {isa = PBXFileReference; includeInIndex = 1; lastKnownFileType = text.xcconfig; name = "Pods-YWHMovieTests.debug.xcconfig"; path = "Target Support Files/Pods-YWHMovieTests/Pods-YWHMovieTests.debug.xcconfig"; sourceTree = "<group>"; };
		8542202BFC648C49FA2D2E28 /* Pods-YWHMovie.release.xcconfig */ = {isa = PBXFileReference; includeInIndex = 1; lastKnownFileType = text.xcconfig; name = "Pods-YWHMovie.release.xcconfig"; path = "Target Support Files/Pods-YWHMovie/Pods-YWHMovie.release.xcconfig"; sourceTree = "<group>"; };
		8FBF14B1269580F6B0A9DFBE /* Pods_YWHMovie_YWHMovieUITests.framework */ = {isa = PBXFileReference; explicitFileType = wrapper.framework; includeInIndex = 0; path = Pods_YWHMovie_YWHMovieUITests.framework; sourceTree = BUILT_PRODUCTS_DIR; };
		B9F1DA2F406CBFC0F8AAA4DE /* Pods-YWHMovie.debug.xcconfig */ = {isa = PBXFileReference; includeInIndex = 1; lastKnownFileType = text.xcconfig; name = "Pods-YWHMovie.debug.xcconfig"; path = "Target Support Files/Pods-YWHMovie/Pods-YWHMovie.debug.xcconfig"; sourceTree = "<group>"; };
		D4384DCCB316977D60DE95B1 /* Pods-YWHMovie-YWHMovieUITests.debug.xcconfig */ = {isa = PBXFileReference; includeInIndex = 1; lastKnownFileType = text.xcconfig; name = "Pods-YWHMovie-YWHMovieUITests.debug.xcconfig"; path = "Target Support Files/Pods-YWHMovie-YWHMovieUITests/Pods-YWHMovie-YWHMovieUITests.debug.xcconfig"; sourceTree = "<group>"; };
		DA7D85BF03162A7F74B884D8 /* Pods_YWHMovie.framework */ = {isa = PBXFileReference; explicitFileType = wrapper.framework; includeInIndex = 0; path = Pods_YWHMovie.framework; sourceTree = BUILT_PRODUCTS_DIR; };
/* End PBXFileReference section */

/* Begin PBXFrameworksBuildPhase section */
		1E16180C28BF7BE10050BEDF /* Frameworks */ = {
			isa = PBXFrameworksBuildPhase;
			buildActionMask = 2147483647;
			files = (
				B5927A0446233F31298F5280 /* Pods_YWHMovie.framework in Frameworks */,
			);
			runOnlyForDeploymentPostprocessing = 0;
		};
		1E16182228BF7BE20050BEDF /* Frameworks */ = {
			isa = PBXFrameworksBuildPhase;
			buildActionMask = 2147483647;
			files = (
				D71E8165EDCE95513A7CA20E /* Pods_YWHMovieTests.framework in Frameworks */,
			);
			runOnlyForDeploymentPostprocessing = 0;
		};
		1E16182C28BF7BE20050BEDF /* Frameworks */ = {
			isa = PBXFrameworksBuildPhase;
			buildActionMask = 2147483647;
			files = (
				AC84BB9E439636AAB1272864 /* Pods_YWHMovie_YWHMovieUITests.framework in Frameworks */,
			);
			runOnlyForDeploymentPostprocessing = 0;
		};
/* End PBXFrameworksBuildPhase section */

/* Begin PBXGroup section */
		081AF003CFAABDA07E53C49F /* Frameworks */ = {
			isa = PBXGroup;
			children = (
				DA7D85BF03162A7F74B884D8 /* Pods_YWHMovie.framework */,
				8FBF14B1269580F6B0A9DFBE /* Pods_YWHMovie_YWHMovieUITests.framework */,
				00852F4750155FDC45CE7DFA /* Pods_YWHMovieTests.framework */,
			);
			name = Frameworks;
			sourceTree = "<group>";
		};
		1E16180628BF7BE10050BEDF = {
			isa = PBXGroup;
			children = (
				1E16181128BF7BE10050BEDF /* YWHMovie */,
				1E16182828BF7BE20050BEDF /* YWHMovieTests */,
				1E16183228BF7BE20050BEDF /* YWHMovieUITests */,
				1E16181028BF7BE10050BEDF /* Products */,
				FEB638D83A3161A65A9AFA0F /* Pods */,
				081AF003CFAABDA07E53C49F /* Frameworks */,
			);
			sourceTree = "<group>";
		};
		1E16181028BF7BE10050BEDF /* Products */ = {
			isa = PBXGroup;
			children = (
				1E16180F28BF7BE10050BEDF /* YWHMovie.app */,
				1E16182528BF7BE20050BEDF /* YWHMovieTests.xctest */,
				1E16182F28BF7BE20050BEDF /* YWHMovieUITests.xctest */,
			);
			name = Products;
			sourceTree = "<group>";
		};
		1E16181128BF7BE10050BEDF /* YWHMovie */ = {
			isa = PBXGroup;
			children = (
				1E16181228BF7BE10050BEDF /* AppDelegate.swift */,
				1E16181428BF7BE10050BEDF /* SceneDelegate.swift */,
				1E16181628BF7BE10050BEDF /* ViewController.swift */,
				1E16181828BF7BE10050BEDF /* Main.storyboard */,
				1E16181B28BF7BE20050BEDF /* Assets.xcassets */,
				1E16181D28BF7BE20050BEDF /* LaunchScreen.storyboard */,
				1E16182028BF7BE20050BEDF /* Info.plist */,
			);
			path = YWHMovie;
			sourceTree = "<group>";
		};
		1E16182828BF7BE20050BEDF /* YWHMovieTests */ = {
			isa = PBXGroup;
			children = (
				1E16182928BF7BE20050BEDF /* YWHMovieTests.swift */,
			);
			path = YWHMovieTests;
			sourceTree = "<group>";
		};
		1E16183228BF7BE20050BEDF /* YWHMovieUITests */ = {
			isa = PBXGroup;
			children = (
				1E16183328BF7BE20050BEDF /* YWHMovieUITests.swift */,
				1E16183528BF7BE20050BEDF /* YWHMovieUITestsLaunchTests.swift */,
			);
			path = YWHMovieUITests;
			sourceTree = "<group>";
		};
		FEB638D83A3161A65A9AFA0F /* Pods */ = {
			isa = PBXGroup;
			children = (
				B9F1DA2F406CBFC0F8AAA4DE /* Pods-YWHMovie.debug.xcconfig */,
				8542202BFC648C49FA2D2E28 /* Pods-YWHMovie.release.xcconfig */,
				D4384DCCB316977D60DE95B1 /* Pods-YWHMovie-YWHMovieUITests.debug.xcconfig */,
				34BD02602BF1AA54F0F414A5 /* Pods-YWHMovie-YWHMovieUITests.release.xcconfig */,
				572B6599F24F20C8AD8EF3A3 /* Pods-YWHMovieTests.debug.xcconfig */,
				2A7E0AE520B1AB24DB18088E /* Pods-YWHMovieTests.release.xcconfig */,
			);
			name = Pods;
			path = Pods;
			sourceTree = "<group>";
		};
/* End PBXGroup section */

/* Begin PBXNativeTarget section */
		1E16180E28BF7BE10050BEDF /* YWHMovie */ = {
			isa = PBXNativeTarget;
			buildConfigurationList = 1E16183928BF7BE20050BEDF /* Build configuration list for PBXNativeTarget "YWHMovie" */;
			buildPhases = (
				1883F3BAE9D9EC8B4A5008AB /* [CP] Check Pods Manifest.lock */,
				1E16180B28BF7BE10050BEDF /* Sources */,
				1E16180C28BF7BE10050BEDF /* Frameworks */,
				1E16180D28BF7BE10050BEDF /* Resources */,
				972122947C75D95ABB9C9D8A /* [CP] Embed Pods Frameworks */,
			);
			buildRules = (
			);
			dependencies = (
			);
			name = YWHMovie;
			productName = YWHMovie;
			productReference = 1E16180F28BF7BE10050BEDF /* YWHMovie.app */;
			productType = "com.apple.product-type.application";
		};
		1E16182428BF7BE20050BEDF /* YWHMovieTests */ = {
			isa = PBXNativeTarget;
			buildConfigurationList = 1E16183C28BF7BE20050BEDF /* Build configuration list for PBXNativeTarget "YWHMovieTests" */;
			buildPhases = (
				C3DD0CB8C73BCCE371515D3E /* [CP] Check Pods Manifest.lock */,
				1E16182128BF7BE20050BEDF /* Sources */,
				1E16182228BF7BE20050BEDF /* Frameworks */,
				1E16182328BF7BE20050BEDF /* Resources */,
			);
			buildRules = (
			);
			dependencies = (
				1E16182728BF7BE20050BEDF /* PBXTargetDependency */,
			);
			name = YWHMovieTests;
			productName = YWHMovieTests;
			productReference = 1E16182528BF7BE20050BEDF /* YWHMovieTests.xctest */;
			productType = "com.apple.product-type.bundle.unit-test";
		};
		1E16182E28BF7BE20050BEDF /* YWHMovieUITests */ = {
			isa = PBXNativeTarget;
			buildConfigurationList = 1E16183F28BF7BE20050BEDF /* Build configuration list for PBXNativeTarget "YWHMovieUITests" */;
			buildPhases = (
				A1B5B211B2AB42C24F1FF990 /* [CP] Check Pods Manifest.lock */,
				1E16182B28BF7BE20050BEDF /* Sources */,
				1E16182C28BF7BE20050BEDF /* Frameworks */,
				1E16182D28BF7BE20050BEDF /* Resources */,
				8E08EEA4FB2CBF7899DAD262 /* [CP] Embed Pods Frameworks */,
			);
			buildRules = (
			);
			dependencies = (
				1E16183128BF7BE20050BEDF /* PBXTargetDependency */,
			);
			name = YWHMovieUITests;
			productName = YWHMovieUITests;
			productReference = 1E16182F28BF7BE20050BEDF /* YWHMovieUITests.xctest */;
			productType = "com.apple.product-type.bundle.ui-testing";
		};
/* End PBXNativeTarget section */

/* Begin PBXProject section */
		1E16180728BF7BE10050BEDF /* Project object */ = {
			isa = PBXProject;
			attributes = {
				BuildIndependentTargetsInParallel = 1;
				LastSwiftUpdateCheck = 1340;
				LastUpgradeCheck = 1340;
				TargetAttributes = {
					1E16180E28BF7BE10050BEDF = {
						CreatedOnToolsVersion = 13.4.1;
					};
					1E16182428BF7BE20050BEDF = {
						CreatedOnToolsVersion = 13.4.1;
						TestTargetID = 1E16180E28BF7BE10050BEDF;
					};
					1E16182E28BF7BE20050BEDF = {
						CreatedOnToolsVersion = 13.4.1;
						TestTargetID = 1E16180E28BF7BE10050BEDF;
					};
				};
			};
			buildConfigurationList = 1E16180A28BF7BE10050BEDF /* Build configuration list for PBXProject "YWHMovie" */;
			compatibilityVersion = "Xcode 13.0";
			developmentRegion = en;
			hasScannedForEncodings = 0;
			knownRegions = (
				en,
				Base,
			);
			mainGroup = 1E16180628BF7BE10050BEDF;
			productRefGroup = 1E16181028BF7BE10050BEDF /* Products */;
			projectDirPath = "";
			projectRoot = "";
			targets = (
				1E16180E28BF7BE10050BEDF /* YWHMovie */,
				1E16182428BF7BE20050BEDF /* YWHMovieTests */,
				1E16182E28BF7BE20050BEDF /* YWHMovieUITests */,
			);
		};
/* End PBXProject section */

/* Begin PBXResourcesBuildPhase section */
		1E16180D28BF7BE10050BEDF /* Resources */ = {
			isa = PBXResourcesBuildPhase;
			buildActionMask = 2147483647;
			files = (
				1E16181F28BF7BE20050BEDF /* LaunchScreen.storyboard in Resources */,
				1E16181C28BF7BE20050BEDF /* Assets.xcassets in Resources */,
				1E16181A28BF7BE10050BEDF /* Main.storyboard in Resources */,
			);
			runOnlyForDeploymentPostprocessing = 0;
		};
		1E16182328BF7BE20050BEDF /* Resources */ = {
			isa = PBXResourcesBuildPhase;
			buildActionMask = 2147483647;
			files = (
			);
			runOnlyForDeploymentPostprocessing = 0;
		};
		1E16182D28BF7BE20050BEDF /* Resources */ = {
			isa = PBXResourcesBuildPhase;
			buildActionMask = 2147483647;
			files = (
			);
			runOnlyForDeploymentPostprocessing = 0;
		};
/* End PBXResourcesBuildPhase section */

/* Begin PBXShellScriptBuildPhase section */
		1883F3BAE9D9EC8B4A5008AB /* [CP] Check Pods Manifest.lock */ = {
			isa = PBXShellScriptBuildPhase;
			buildActionMask = 2147483647;
			files = (
			);
			inputFileListPaths = (
			);
			inputPaths = (
				"${PODS_PODFILE_DIR_PATH}/Podfile.lock",
				"${PODS_ROOT}/Manifest.lock",
			);
			name = "[CP] Check Pods Manifest.lock";
			outputFileListPaths = (
			);
			outputPaths = (
				"$(DERIVED_FILE_DIR)/Pods-YWHMovie-checkManifestLockResult.txt",
			);
			runOnlyForDeploymentPostprocessing = 0;
			shellPath = /bin/sh;
			shellScript = "diff \"${PODS_PODFILE_DIR_PATH}/Podfile.lock\" \"${PODS_ROOT}/Manifest.lock\" > /dev/null\nif [ $? != 0 ] ; then\n    # print error to STDERR\n    echo \"error: The sandbox is not in sync with the Podfile.lock. Run 'pod install' or update your CocoaPods installation.\" >&2\n    exit 1\nfi\n# This output is used by Xcode 'outputs' to avoid re-running this script phase.\necho \"SUCCESS\" > \"${SCRIPT_OUTPUT_FILE_0}\"\n";
			showEnvVarsInLog = 0;
		};
		8E08EEA4FB2CBF7899DAD262 /* [CP] Embed Pods Frameworks */ = {
			isa = PBXShellScriptBuildPhase;
			buildActionMask = 2147483647;
			files = (
			);
			inputFileListPaths = (
				"${PODS_ROOT}/Target Support Files/Pods-YWHMovie-YWHMovieUITests/Pods-YWHMovie-YWHMovieUITests-frameworks-${CONFIGURATION}-input-files.xcfilelist",
			);
			name = "[CP] Embed Pods Frameworks";
			outputFileListPaths = (
				"${PODS_ROOT}/Target Support Files/Pods-YWHMovie-YWHMovieUITests/Pods-YWHMovie-YWHMovieUITests-frameworks-${CONFIGURATION}-output-files.xcfilelist",
			);
			runOnlyForDeploymentPostprocessing = 0;
			shellPath = /bin/sh;
			shellScript = "\"${PODS_ROOT}/Target Support Files/Pods-YWHMovie-YWHMovieUITests/Pods-YWHMovie-YWHMovieUITests-frameworks.sh\"\n";
			showEnvVarsInLog = 0;
		};
		972122947C75D95ABB9C9D8A /* [CP] Embed Pods Frameworks */ = {
			isa = PBXShellScriptBuildPhase;
			buildActionMask = 2147483647;
			files = (
			);
			inputFileListPaths = (
				"${PODS_ROOT}/Target Support Files/Pods-YWHMovie/Pods-YWHMovie-frameworks-${CONFIGURATION}-input-files.xcfilelist",
			);
			name = "[CP] Embed Pods Frameworks";
			outputFileListPaths = (
				"${PODS_ROOT}/Target Support Files/Pods-YWHMovie/Pods-YWHMovie-frameworks-${CONFIGURATION}-output-files.xcfilelist",
			);
			runOnlyForDeploymentPostprocessing = 0;
			shellPath = /bin/sh;
			shellScript = "\"${PODS_ROOT}/Target Support Files/Pods-YWHMovie/Pods-YWHMovie-frameworks.sh\"\n";
			showEnvVarsInLog = 0;
		};
		A1B5B211B2AB42C24F1FF990 /* [CP] Check Pods Manifest.lock */ = {
			isa = PBXShellScriptBuildPhase;
			buildActionMask = 2147483647;
			files = (
			);
			inputFileListPaths = (
			);
			inputPaths = (
				"${PODS_PODFILE_DIR_PATH}/Podfile.lock",
				"${PODS_ROOT}/Manifest.lock",
			);
			name = "[CP] Check Pods Manifest.lock";
			outputFileListPaths = (
			);
			outputPaths = (
				"$(DERIVED_FILE_DIR)/Pods-YWHMovie-YWHMovieUITests-checkManifestLockResult.txt",
			);
			runOnlyForDeploymentPostprocessing = 0;
			shellPath = /bin/sh;
			shellScript = "diff \"${PODS_PODFILE_DIR_PATH}/Podfile.lock\" \"${PODS_ROOT}/Manifest.lock\" > /dev/null\nif [ $? != 0 ] ; then\n    # print error to STDERR\n    echo \"error: The sandbox is not in sync with the Podfile.lock. Run 'pod install' or update your CocoaPods installation.\" >&2\n    exit 1\nfi\n# This output is used by Xcode 'outputs' to avoid re-running this script phase.\necho \"SUCCESS\" > \"${SCRIPT_OUTPUT_FILE_0}\"\n";
			showEnvVarsInLog = 0;
		};
		C3DD0CB8C73BCCE371515D3E /* [CP] Check Pods Manifest.lock */ = {
			isa = PBXShellScriptBuildPhase;
			buildActionMask = 2147483647;
			files = (
			);
			inputFileListPaths = (
			);
			inputPaths = (
				"${PODS_PODFILE_DIR_PATH}/Podfile.lock",
				"${PODS_ROOT}/Manifest.lock",
			);
			name = "[CP] Check Pods Manifest.lock";
			outputFileListPaths = (
			);
			outputPaths = (
				"$(DERIVED_FILE_DIR)/Pods-YWHMovieTests-checkManifestLockResult.txt",
			);
			runOnlyForDeploymentPostprocessing = 0;
			shellPath = /bin/sh;
			shellScript = "diff \"${PODS_PODFILE_DIR_PATH}/Podfile.lock\" \"${PODS_ROOT}/Manifest.lock\" > /dev/null\nif [ $? != 0 ] ; then\n    # print error to STDERR\n    echo \"error: The sandbox is not in sync with the Podfile.lock. Run 'pod install' or update your CocoaPods installation.\" >&2\n    exit 1\nfi\n# This output is used by Xcode 'outputs' to avoid re-running this script phase.\necho \"SUCCESS\" > \"${SCRIPT_OUTPUT_FILE_0}\"\n";
			showEnvVarsInLog = 0;
		};
/* End PBXShellScriptBuildPhase section */

/* Begin PBXSourcesBuildPhase section */
		1E16180B28BF7BE10050BEDF /* Sources */ = {
			isa = PBXSourcesBuildPhase;
			buildActionMask = 2147483647;
			files = (
				1E16181728BF7BE10050BEDF /* ViewController.swift in Sources */,
				1E16181328BF7BE10050BEDF /* AppDelegate.swift in Sources */,
				1E16181528BF7BE10050BEDF /* SceneDelegate.swift in Sources */,
			);
			runOnlyForDeploymentPostprocessing = 0;
		};
		1E16182128BF7BE20050BEDF /* Sources */ = {
			isa = PBXSourcesBuildPhase;
			buildActionMask = 2147483647;
			files = (
				1E16182A28BF7BE20050BEDF /* YWHMovieTests.swift in Sources */,
			);
			runOnlyForDeploymentPostprocessing = 0;
		};
		1E16182B28BF7BE20050BEDF /* Sources */ = {
			isa = PBXSourcesBuildPhase;
			buildActionMask = 2147483647;
			files = (
				1E16183628BF7BE20050BEDF /* YWHMovieUITestsLaunchTests.swift in Sources */,
				1E16183428BF7BE20050BEDF /* YWHMovieUITests.swift in Sources */,
			);
			runOnlyForDeploymentPostprocessing = 0;
		};
/* End PBXSourcesBuildPhase section */

/* Begin PBXTargetDependency section */
		1E16182728BF7BE20050BEDF /* PBXTargetDependency */ = {
			isa = PBXTargetDependency;
			target = 1E16180E28BF7BE10050BEDF /* YWHMovie */;
			targetProxy = 1E16182628BF7BE20050BEDF /* PBXContainerItemProxy */;
		};
		1E16183128BF7BE20050BEDF /* PBXTargetDependency */ = {
			isa = PBXTargetDependency;
			target = 1E16180E28BF7BE10050BEDF /* YWHMovie */;
			targetProxy = 1E16183028BF7BE20050BEDF /* PBXContainerItemProxy */;
		};
/* End PBXTargetDependency section */

/* Begin PBXVariantGroup section */
		1E16181828BF7BE10050BEDF /* Main.storyboard */ = {
			isa = PBXVariantGroup;
			children = (
				1E16181928BF7BE10050BEDF /* Base */,
			);
			name = Main.storyboard;
			sourceTree = "<group>";
		};
		1E16181D28BF7BE20050BEDF /* LaunchScreen.storyboard */ = {
			isa = PBXVariantGroup;
			children = (
				1E16181E28BF7BE20050BEDF /* Base */,
			);
			name = LaunchScreen.storyboard;
			sourceTree = "<group>";
		};
/* End PBXVariantGroup section */

/* Begin XCBuildConfiguration section */
		1E16183728BF7BE20050BEDF /* Debug */ = {
			isa = XCBuildConfiguration;
			buildSettings = {
				ALWAYS_SEARCH_USER_PATHS = NO;
				CLANG_ANALYZER_NONNULL = YES;
				CLANG_ANALYZER_NUMBER_OBJECT_CONVERSION = YES_AGGRESSIVE;
				CLANG_CXX_LANGUAGE_STANDARD = "gnu++17";
				CLANG_ENABLE_MODULES = YES;
				CLANG_ENABLE_OBJC_ARC = YES;
				CLANG_ENABLE_OBJC_WEAK = YES;
				CLANG_WARN_BLOCK_CAPTURE_AUTORELEASING = YES;
				CLANG_WARN_BOOL_CONVERSION = YES;
				CLANG_WARN_COMMA = YES;
				CLANG_WARN_CONSTANT_CONVERSION = YES;
				CLANG_WARN_DEPRECATED_OBJC_IMPLEMENTATIONS = YES;
				CLANG_WARN_DIRECT_OBJC_ISA_USAGE = YES_ERROR;
				CLANG_WARN_DOCUMENTATION_COMMENTS = YES;
				CLANG_WARN_EMPTY_BODY = YES;
				CLANG_WARN_ENUM_CONVERSION = YES;
				CLANG_WARN_INFINITE_RECURSION = YES;
				CLANG_WARN_INT_CONVERSION = YES;
				CLANG_WARN_NON_LITERAL_NULL_CONVERSION = YES;
				CLANG_WARN_OBJC_IMPLICIT_RETAIN_SELF = YES;
				CLANG_WARN_OBJC_LITERAL_CONVERSION = YES;
				CLANG_WARN_OBJC_ROOT_CLASS = YES_ERROR;
				CLANG_WARN_QUOTED_INCLUDE_IN_FRAMEWORK_HEADER = YES;
				CLANG_WARN_RANGE_LOOP_ANALYSIS = YES;
				CLANG_WARN_STRICT_PROTOTYPES = YES;
				CLANG_WARN_SUSPICIOUS_MOVE = YES;
				CLANG_WARN_UNGUARDED_AVAILABILITY = YES_AGGRESSIVE;
				CLANG_WARN_UNREACHABLE_CODE = YES;
				CLANG_WARN__DUPLICATE_METHOD_MATCH = YES;
				COPY_PHASE_STRIP = NO;
				DEBUG_INFORMATION_FORMAT = dwarf;
				ENABLE_STRICT_OBJC_MSGSEND = YES;
				ENABLE_TESTABILITY = YES;
				GCC_C_LANGUAGE_STANDARD = gnu11;
				GCC_DYNAMIC_NO_PIC = NO;
				GCC_NO_COMMON_BLOCKS = YES;
				GCC_OPTIMIZATION_LEVEL = 0;
				GCC_PREPROCESSOR_DEFINITIONS = (
					"DEBUG=1",
					"$(inherited)",
				);
				GCC_WARN_64_TO_32_BIT_CONVERSION = YES;
				GCC_WARN_ABOUT_RETURN_TYPE = YES_ERROR;
				GCC_WARN_UNDECLARED_SELECTOR = YES;
				GCC_WARN_UNINITIALIZED_AUTOS = YES_AGGRESSIVE;
				GCC_WARN_UNUSED_FUNCTION = YES;
				GCC_WARN_UNUSED_VARIABLE = YES;
				IPHONEOS_DEPLOYMENT_TARGET = 15.5;
				MTL_ENABLE_DEBUG_INFO = INCLUDE_SOURCE;
				MTL_FAST_MATH = YES;
				ONLY_ACTIVE_ARCH = YES;
				SDKROOT = iphoneos;
				SWIFT_ACTIVE_COMPILATION_CONDITIONS = DEBUG;
				SWIFT_OPTIMIZATION_LEVEL = "-Onone";
			};
			name = Debug;
		};
		1E16183828BF7BE20050BEDF /* Release */ = {
			isa = XCBuildConfiguration;
			buildSettings = {
				ALWAYS_SEARCH_USER_PATHS = NO;
				CLANG_ANALYZER_NONNULL = YES;
				CLANG_ANALYZER_NUMBER_OBJECT_CONVERSION = YES_AGGRESSIVE;
				CLANG_CXX_LANGUAGE_STANDARD = "gnu++17";
				CLANG_ENABLE_MODULES = YES;
				CLANG_ENABLE_OBJC_ARC = YES;
				CLANG_ENABLE_OBJC_WEAK = YES;
				CLANG_WARN_BLOCK_CAPTURE_AUTORELEASING = YES;
				CLANG_WARN_BOOL_CONVERSION = YES;
				CLANG_WARN_COMMA = YES;
				CLANG_WARN_CONSTANT_CONVERSION = YES;
				CLANG_WARN_DEPRECATED_OBJC_IMPLEMENTATIONS = YES;
				CLANG_WARN_DIRECT_OBJC_ISA_USAGE = YES_ERROR;
				CLANG_WARN_DOCUMENTATION_COMMENTS = YES;
				CLANG_WARN_EMPTY_BODY = YES;
				CLANG_WARN_ENUM_CONVERSION = YES;
				CLANG_WARN_INFINITE_RECURSION = YES;
				CLANG_WARN_INT_CONVERSION = YES;
				CLANG_WARN_NON_LITERAL_NULL_CONVERSION = YES;
				CLANG_WARN_OBJC_IMPLICIT_RETAIN_SELF = YES;
				CLANG_WARN_OBJC_LITERAL_CONVERSION = YES;
				CLANG_WARN_OBJC_ROOT_CLASS = YES_ERROR;
				CLANG_WARN_QUOTED_INCLUDE_IN_FRAMEWORK_HEADER = YES;
				CLANG_WARN_RANGE_LOOP_ANALYSIS = YES;
				CLANG_WARN_STRICT_PROTOTYPES = YES;
				CLANG_WARN_SUSPICIOUS_MOVE = YES;
				CLANG_WARN_UNGUARDED_AVAILABILITY = YES_AGGRESSIVE;
				CLANG_WARN_UNREACHABLE_CODE = YES;
				CLANG_WARN__DUPLICATE_METHOD_MATCH = YES;
				COPY_PHASE_STRIP = NO;
				DEBUG_INFORMATION_FORMAT = "dwarf-with-dsym";
				ENABLE_NS_ASSERTIONS = NO;
				ENABLE_STRICT_OBJC_MSGSEND = YES;
				GCC_C_LANGUAGE_STANDARD = gnu11;
				GCC_NO_COMMON_BLOCKS = YES;
				GCC_WARN_64_TO_32_BIT_CONVERSION = YES;
				GCC_WARN_ABOUT_RETURN_TYPE = YES_ERROR;
				GCC_WARN_UNDECLARED_SELECTOR = YES;
				GCC_WARN_UNINITIALIZED_AUTOS = YES_AGGRESSIVE;
				GCC_WARN_UNUSED_FUNCTION = YES;
				GCC_WARN_UNUSED_VARIABLE = YES;
				IPHONEOS_DEPLOYMENT_TARGET = 15.5;
				MTL_ENABLE_DEBUG_INFO = NO;
				MTL_FAST_MATH = YES;
				SDKROOT = iphoneos;
				SWIFT_COMPILATION_MODE = wholemodule;
				SWIFT_OPTIMIZATION_LEVEL = "-O";
				VALIDATE_PRODUCT = YES;
			};
			name = Release;
		};
		1E16183A28BF7BE20050BEDF /* Debug */ = {
			isa = XCBuildConfiguration;
			baseConfigurationReference = B9F1DA2F406CBFC0F8AAA4DE /* Pods-YWHMovie.debug.xcconfig */;
			buildSettings = {
				ASSETCATALOG_COMPILER_APPICON_NAME = AppIcon;
				ASSETCATALOG_COMPILER_GLOBAL_ACCENT_COLOR_NAME = AccentColor;
				CODE_SIGN_STYLE = Automatic;
				CURRENT_PROJECT_VERSION = 1;
				DEVELOPMENT_TEAM = NU463TRWKK;
				GENERATE_INFOPLIST_FILE = YES;
				INFOPLIST_FILE = YWHMovie/Info.plist;
				INFOPLIST_KEY_UIApplicationSupportsIndirectInputEvents = YES;
				INFOPLIST_KEY_UILaunchStoryboardName = LaunchScreen;
				INFOPLIST_KEY_UIMainStoryboardFile = Main;
				INFOPLIST_KEY_UISupportedInterfaceOrientations_iPad = "UIInterfaceOrientationPortrait UIInterfaceOrientationPortraitUpsideDown UIInterfaceOrientationLandscapeLeft UIInterfaceOrientationLandscapeRight";
				INFOPLIST_KEY_UISupportedInterfaceOrientations_iPhone = "UIInterfaceOrientationPortrait UIInterfaceOrientationLandscapeLeft UIInterfaceOrientationLandscapeRight";
				LD_RUNPATH_SEARCH_PATHS = (
					"$(inherited)",
					"@executable_path/Frameworks",
				);
				MARKETING_VERSION = 1.0;
				PRODUCT_BUNDLE_IDENTIFIER = com.ywh.movie.YWHMovie;
				PRODUCT_NAME = "$(TARGET_NAME)";
				SWIFT_EMIT_LOC_STRINGS = YES;
				SWIFT_VERSION = 5.0;
				TARGETED_DEVICE_FAMILY = "1,2";
			};
			name = Debug;
		};
		1E16183B28BF7BE20050BEDF /* Release */ = {
			isa = XCBuildConfiguration;
			baseConfigurationReference = 8542202BFC648C49FA2D2E28 /* Pods-YWHMovie.release.xcconfig */;
			buildSettings = {
				ASSETCATALOG_COMPILER_APPICON_NAME = AppIcon;
				ASSETCATALOG_COMPILER_GLOBAL_ACCENT_COLOR_NAME = AccentColor;
				CODE_SIGN_STYLE = Automatic;
				CURRENT_PROJECT_VERSION = 1;
				DEVELOPMENT_TEAM = NU463TRWKK;
				GENERATE_INFOPLIST_FILE = YES;
				INFOPLIST_FILE = YWHMovie/Info.plist;
				INFOPLIST_KEY_UIApplicationSupportsIndirectInputEvents = YES;
				INFOPLIST_KEY_UILaunchStoryboardName = LaunchScreen;
				INFOPLIST_KEY_UIMainStoryboardFile = Main;
				INFOPLIST_KEY_UISupportedInterfaceOrientations_iPad = "UIInterfaceOrientationPortrait UIInterfaceOrientationPortraitUpsideDown UIInterfaceOrientationLandscapeLeft UIInterfaceOrientationLandscapeRight";
				INFOPLIST_KEY_UISupportedInterfaceOrientations_iPhone = "UIInterfaceOrientationPortrait UIInterfaceOrientationLandscapeLeft UIInterfaceOrientationLandscapeRight";
				LD_RUNPATH_SEARCH_PATHS = (
					"$(inherited)",
					"@executable_path/Frameworks",
				);
				MARKETING_VERSION = 1.0;
				PRODUCT_BUNDLE_IDENTIFIER = com.ywh.movie.YWHMovie;
				PRODUCT_NAME = "$(TARGET_NAME)";
				SWIFT_EMIT_LOC_STRINGS = YES;
				SWIFT_VERSION = 5.0;
				TARGETED_DEVICE_FAMILY = "1,2";
			};
			name = Release;
		};
		1E16183D28BF7BE20050BEDF /* Debug */ = {
			isa = XCBuildConfiguration;
			baseConfigurationReference = 572B6599F24F20C8AD8EF3A3 /* Pods-YWHMovieTests.debug.xcconfig */;
			buildSettings = {
				ALWAYS_EMBED_SWIFT_STANDARD_LIBRARIES = YES;
				BUNDLE_LOADER = "$(TEST_HOST)";
				CODE_SIGN_STYLE = Automatic;
				CURRENT_PROJECT_VERSION = 1;
				DEVELOPMENT_TEAM = NU463TRWKK;
				GENERATE_INFOPLIST_FILE = YES;
				IPHONEOS_DEPLOYMENT_TARGET = 15.5;
				MARKETING_VERSION = 1.0;
				PRODUCT_BUNDLE_IDENTIFIER = com.ywh.movie.YWHMovieTests;
				PRODUCT_NAME = "$(TARGET_NAME)";
				SWIFT_EMIT_LOC_STRINGS = NO;
				SWIFT_VERSION = 5.0;
				TARGETED_DEVICE_FAMILY = "1,2";
				TEST_HOST = "$(BUILT_PRODUCTS_DIR)/YWHMovie.app/YWHMovie";
			};
			name = Debug;
		};
		1E16183E28BF7BE20050BEDF /* Release */ = {
			isa = XCBuildConfiguration;
			baseConfigurationReference = 2A7E0AE520B1AB24DB18088E /* Pods-YWHMovieTests.release.xcconfig */;
			buildSettings = {
				ALWAYS_EMBED_SWIFT_STANDARD_LIBRARIES = YES;
				BUNDLE_LOADER = "$(TEST_HOST)";
				CODE_SIGN_STYLE = Automatic;
				CURRENT_PROJECT_VERSION = 1;
				DEVELOPMENT_TEAM = NU463TRWKK;
				GENERATE_INFOPLIST_FILE = YES;
				IPHONEOS_DEPLOYMENT_TARGET = 15.5;
				MARKETING_VERSION = 1.0;
				PRODUCT_BUNDLE_IDENTIFIER = com.ywh.movie.YWHMovieTests;
				PRODUCT_NAME = "$(TARGET_NAME)";
				SWIFT_EMIT_LOC_STRINGS = NO;
				SWIFT_VERSION = 5.0;
				TARGETED_DEVICE_FAMILY = "1,2";
				TEST_HOST = "$(BUILT_PRODUCTS_DIR)/YWHMovie.app/YWHMovie";
			};
			name = Release;
		};
		1E16184028BF7BE20050BEDF /* Debug */ = {
			isa = XCBuildConfiguration;
			baseConfigurationReference = D4384DCCB316977D60DE95B1 /* Pods-YWHMovie-YWHMovieUITests.debug.xcconfig */;
			buildSettings = {
				ALWAYS_EMBED_SWIFT_STANDARD_LIBRARIES = YES;
				CODE_SIGN_STYLE = Automatic;
				CURRENT_PROJECT_VERSION = 1;
				DEVELOPMENT_TEAM = NU463TRWKK;
				GENERATE_INFOPLIST_FILE = YES;
				MARKETING_VERSION = 1.0;
				PRODUCT_BUNDLE_IDENTIFIER = com.ywh.movie.YWHMovieUITests;
				PRODUCT_NAME = "$(TARGET_NAME)";
				SWIFT_EMIT_LOC_STRINGS = NO;
				SWIFT_VERSION = 5.0;
				TARGETED_DEVICE_FAMILY = "1,2";
				TEST_TARGET_NAME = YWHMovie;
			};
			name = Debug;
		};
		1E16184128BF7BE20050BEDF /* Release */ = {
			isa = XCBuildConfiguration;
			baseConfigurationReference = 34BD02602BF1AA54F0F414A5 /* Pods-YWHMovie-YWHMovieUITests.release.xcconfig */;
			buildSettings = {
				ALWAYS_EMBED_SWIFT_STANDARD_LIBRARIES = YES;
				CODE_SIGN_STYLE = Automatic;
				CURRENT_PROJECT_VERSION = 1;
				DEVELOPMENT_TEAM = NU463TRWKK;
				GENERATE_INFOPLIST_FILE = YES;
				MARKETING_VERSION = 1.0;
				PRODUCT_BUNDLE_IDENTIFIER = com.ywh.movie.YWHMovieUITests;
				PRODUCT_NAME = "$(TARGET_NAME)";
				SWIFT_EMIT_LOC_STRINGS = NO;
				SWIFT_VERSION = 5.0;
				TARGETED_DEVICE_FAMILY = "1,2";
				TEST_TARGET_NAME = YWHMovie;
			};
			name = Release;
		};
/* End XCBuildConfiguration section */

/* Begin XCConfigurationList section */
		1E16180A28BF7BE10050BEDF /* Build configuration list for PBXProject "YWHMovie" */ = {
			isa = XCConfigurationList;
			buildConfigurations = (
				1E16183728BF7BE20050BEDF /* Debug */,
				1E16183828BF7BE20050BEDF /* Release */,
			);
			defaultConfigurationIsVisible = 0;
			defaultConfigurationName = Release;
		};
		1E16183928BF7BE20050BEDF /* Build configuration list for PBXNativeTarget "YWHMovie" */ = {
			isa = XCConfigurationList;
			buildConfigurations = (
				1E16183A28BF7BE20050BEDF /* Debug */,
				1E16183B28BF7BE20050BEDF /* Release */,
			);
			defaultConfigurationIsVisible = 0;
			defaultConfigurationName = Release;
		};
		1E16183C28BF7BE20050BEDF /* Build configuration list for PBXNativeTarget "YWHMovieTests" */ = {
			isa = XCConfigurationList;
			buildConfigurations = (
				1E16183D28BF7BE20050BEDF /* Debug */,
				1E16183E28BF7BE20050BEDF /* Release */,
			);
			defaultConfigurationIsVisible = 0;
			defaultConfigurationName = Release;
		};
		1E16183F28BF7BE20050BEDF /* Build configuration list for PBXNativeTarget "YWHMovieUITests" */ = {
			isa = XCConfigurationList;
			buildConfigurations = (
				1E16184028BF7BE20050BEDF /* Debug */,
				1E16184128BF7BE20050BEDF /* Release */,
			);
			defaultConfigurationIsVisible = 0;
			defaultConfigurationName = Release;
		};
/* End XCConfigurationList section */
	};
	rootObject = 1E16180728BF7BE10050BEDF /* Project object */;
}
