// !$*UTF8*$!
{
	archiveVersion = 1;
	classes = {
	};
	objectVersion = 56;
	objects = {

/* Begin PBXBuildFile section */
		1EA42E8F2BA15641003B104A /* AppDelegate.swift in Sources */ = {isa = PBXBuildFile; fileRef = 1EA42E8E2BA15641003B104A /* AppDelegate.swift */; };
		1EA42E912BA15641003B104A /* SceneDelegate.swift in Sources */ = {isa = PBXBuildFile; fileRef = 1EA42E902BA15641003B104A /* SceneDelegate.swift */; };
		1EA42E932BA15641003B104A /* ViewController.swift in Sources */ = {isa = PBXBuildFile; fileRef = 1EA42E922BA15641003B104A /* ViewController.swift */; };
		1EA42E962BA15641003B104A /* Main.storyboard in Resources */ = {isa = PBXBuildFile; fileRef = 1EA42E942BA15641003B104A /* Main.storyboard */; };
		1EA42E982BA15642003B104A /* Assets.xcassets in Resources */ = {isa = PBXBuildFile; fileRef = 1EA42E972BA15642003B104A /* Assets.xcassets */; };
		1EA42E9B2BA15642003B104A /* LaunchScreen.storyboard in Resources */ = {isa = PBXBuildFile; fileRef = 1EA42E992BA15642003B104A /* LaunchScreen.storyboard */; };
		1EA42EA62BA15642003B104A /* YWHMovieTests.swift in Sources */ = {isa = PBXBuildFile; fileRef = 1EA42EA52BA15642003B104A /* YWHMovieTests.swift */; };
		1EA42EB02BA15642003B104A /* YWHMovieUITests.swift in Sources */ = {isa = PBXBuildFile; fileRef = 1EA42EAF2BA15642003B104A /* YWHMovieUITests.swift */; };
		1EA42EB22BA15642003B104A /* YWHMovieUITestsLaunchTests.swift in Sources */ = {isa = PBXBuildFile; fileRef = 1EA42EB12BA15642003B104A /* YWHMovieUITestsLaunchTests.swift */; };
		34EFAFA364E00EEE05DE9A61 /* Pods_YWHMovieTests.framework in Frameworks */ = {isa = PBXBuildFile; fileRef = 1D9660D078CE6E6BEFB0D259 /* Pods_YWHMovieTests.framework */; };
		3C861C7EC80A881FF483CEE8 /* Pods_YWHMovie_YWHMovieUITests.framework in Frameworks */ = {isa = PBXBuildFile; fileRef = D34793B3D3E0425CBA14EAA7 /* Pods_YWHMovie_YWHMovieUITests.framework */; };
		6C1024B33DFD643CBC88B9FF /* Pods_YWHMovie.framework in Frameworks */ = {isa = PBXBuildFile; fileRef = 595E3D8FD2AAC4342AF36B2A /* Pods_YWHMovie.framework */; };
/* End PBXBuildFile section */

/* Begin PBXContainerItemProxy section */
		1EA42EA22BA15642003B104A /* PBXContainerItemProxy */ = {
			isa = PBXContainerItemProxy;
			containerPortal = 1EA42E832BA15641003B104A /* Project object */;
			proxyType = 1;
			remoteGlobalIDString = 1EA42E8A2BA15641003B104A;
			remoteInfo = YWHMovie;
		};
		1EA42EAC2BA15642003B104A /* PBXContainerItemProxy */ = {
			isa = PBXContainerItemProxy;
			containerPortal = 1EA42E832BA15641003B104A /* Project object */;
			proxyType = 1;
			remoteGlobalIDString = 1EA42E8A2BA15641003B104A;
			remoteInfo = YWHMovie;
		};
/* End PBXContainerItemProxy section */

/* Begin PBXFileReference section */
		0E095FC12EF806C64D14C157 /* Pods-YWHMovieTests.debug.xcconfig */ = {isa = PBXFileReference; includeInIndex = 1; lastKnownFileType = text.xcconfig; name = "Pods-YWHMovieTests.debug.xcconfig"; path = "Target Support Files/Pods-YWHMovieTests/Pods-YWHMovieTests.debug.xcconfig"; sourceTree = "<group>"; };
		120883120002CA2BE0D76621 /* Pods-YWHMovieTests.release.xcconfig */ = {isa = PBXFileReference; includeInIndex = 1; lastKnownFileType = text.xcconfig; name = "Pods-YWHMovieTests.release.xcconfig"; path = "Target Support Files/Pods-YWHMovieTests/Pods-YWHMovieTests.release.xcconfig"; sourceTree = "<group>"; };
		1D9660D078CE6E6BEFB0D259 /* Pods_YWHMovieTests.framework */ = {isa = PBXFileReference; explicitFileType = wrapper.framework; includeInIndex = 0; path = Pods_YWHMovieTests.framework; sourceTree = BUILT_PRODUCTS_DIR; };
		1EA42E8B2BA15641003B104A /* YWHMovie.app */ = {isa = PBXFileReference; explicitFileType = wrapper.application; includeInIndex = 0; path = YWHMovie.app; sourceTree = BUILT_PRODUCTS_DIR; };
		1EA42E8E2BA15641003B104A /* AppDelegate.swift */ = {isa = PBXFileReference; lastKnownFileType = sourcecode.swift; path = AppDelegate.swift; sourceTree = "<group>"; };
		1EA42E902BA15641003B104A /* SceneDelegate.swift */ = {isa = PBXFileReference; lastKnownFileType = sourcecode.swift; path = SceneDelegate.swift; sourceTree = "<group>"; };
		1EA42E922BA15641003B104A /* ViewController.swift */ = {isa = PBXFileReference; lastKnownFileType = sourcecode.swift; path = ViewController.swift; sourceTree = "<group>"; };
		1EA42E952BA15641003B104A /* Base */ = {isa = PBXFileReference; lastKnownFileType = file.storyboard; name = Base; path = Base.lproj/Main.storyboard; sourceTree = "<group>"; };
		1EA42E972BA15642003B104A /* Assets.xcassets */ = {isa = PBXFileReference; lastKnownFileType = folder.assetcatalog; path = Assets.xcassets; sourceTree = "<group>"; };
		1EA42E9A2BA15642003B104A /* Base */ = {isa = PBXFileReference; lastKnownFileType = file.storyboard; name = Base; path = Base.lproj/LaunchScreen.storyboard; sourceTree = "<group>"; };
		1EA42E9C2BA15642003B104A /* Info.plist */ = {isa = PBXFileReference; lastKnownFileType = text.plist.xml; path = Info.plist; sourceTree = "<group>"; };
		1EA42EA12BA15642003B104A /* YWHMovieTests.xctest */ = {isa = PBXFileReference; explicitFileType = wrapper.cfbundle; includeInIndex = 0; path = YWHMovieTests.xctest; sourceTree = BUILT_PRODUCTS_DIR; };
		1EA42EA52BA15642003B104A /* YWHMovieTests.swift */ = {isa = PBXFileReference; lastKnownFileType = sourcecode.swift; path = YWHMovieTests.swift; sourceTree = "<group>"; };
		1EA42EAB2BA15642003B104A /* YWHMovieUITests.xctest */ = {isa = PBXFileReference; explicitFileType = wrapper.cfbundle; includeInIndex = 0; path = YWHMovieUITests.xctest; sourceTree = BUILT_PRODUCTS_DIR; };
		1EA42EAF2BA15642003B104A /* YWHMovieUITests.swift */ = {isa = PBXFileReference; lastKnownFileType = sourcecode.swift; path = YWHMovieUITests.swift; sourceTree = "<group>"; };
		1EA42EB12BA15642003B104A /* YWHMovieUITestsLaunchTests.swift */ = {isa = PBXFileReference; lastKnownFileType = sourcecode.swift; path = YWHMovieUITestsLaunchTests.swift; sourceTree = "<group>"; };
		595E3D8FD2AAC4342AF36B2A /* Pods_YWHMovie.framework */ = {isa = PBXFileReference; explicitFileType = wrapper.framework; includeInIndex = 0; path = Pods_YWHMovie.framework; sourceTree = BUILT_PRODUCTS_DIR; };
		627CD1E77D43BD8ADE1EAB7D /* Pods-YWHMovie-YWHMovieUITests.debug.xcconfig */ = {isa = PBXFileReference; includeInIndex = 1; lastKnownFileType = text.xcconfig; name = "Pods-YWHMovie-YWHMovieUITests.debug.xcconfig"; path = "Target Support Files/Pods-YWHMovie-YWHMovieUITests/Pods-YWHMovie-YWHMovieUITests.debug.xcconfig"; sourceTree = "<group>"; };
		6C17BDB2FCFEFABC00D2248A /* Pods-YWHMovie.release.xcconfig */ = {isa = PBXFileReference; includeInIndex = 1; lastKnownFileType = text.xcconfig; name = "Pods-YWHMovie.release.xcconfig"; path = "Target Support Files/Pods-YWHMovie/Pods-YWHMovie.release.xcconfig"; sourceTree = "<group>"; };
		8CEC23C1BB8AB4D363CE72B8 /* Pods-YWHMovie-YWHMovieUITests.release.xcconfig */ = {isa = PBXFileReference; includeInIndex = 1; lastKnownFileType = text.xcconfig; name = "Pods-YWHMovie-YWHMovieUITests.release.xcconfig"; path = "Target Support Files/Pods-YWHMovie-YWHMovieUITests/Pods-YWHMovie-YWHMovieUITests.release.xcconfig"; sourceTree = "<group>"; };
		CF6106E3D86662707247F76F /* Pods-YWHMovie.debug.xcconfig */ = {isa = PBXFileReference; includeInIndex = 1; lastKnownFileType = text.xcconfig; name = "Pods-YWHMovie.debug.xcconfig"; path = "Target Support Files/Pods-YWHMovie/Pods-YWHMovie.debug.xcconfig"; sourceTree = "<group>"; };
		D34793B3D3E0425CBA14EAA7 /* Pods_YWHMovie_YWHMovieUITests.framework */ = {isa = PBXFileReference; explicitFileType = wrapper.framework; includeInIndex = 0; path = Pods_YWHMovie_YWHMovieUITests.framework; sourceTree = BUILT_PRODUCTS_DIR; };
/* End PBXFileReference section */

/* Begin PBXFrameworksBuildPhase section */
		1EA42E882BA15641003B104A /* Frameworks */ = {
			isa = PBXFrameworksBuildPhase;
			buildActionMask = 2147483647;
			files = (
				6C1024B33DFD643CBC88B9FF /* Pods_YWHMovie.framework in Frameworks */,
			);
			runOnlyForDeploymentPostprocessing = 0;
		};
		1EA42E9E2BA15642003B104A /* Frameworks */ = {
			isa = PBXFrameworksBuildPhase;
			buildActionMask = 2147483647;
			files = (
				34EFAFA364E00EEE05DE9A61 /* Pods_YWHMovieTests.framework in Frameworks */,
			);
			runOnlyForDeploymentPostprocessing = 0;
		};
		1EA42EA82BA15642003B104A /* Frameworks */ = {
			isa = PBXFrameworksBuildPhase;
			buildActionMask = 2147483647;
			files = (
				3C861C7EC80A881FF483CEE8 /* Pods_YWHMovie_YWHMovieUITests.framework in Frameworks */,
			);
			runOnlyForDeploymentPostprocessing = 0;
		};
/* End PBXFrameworksBuildPhase section */

/* Begin PBXGroup section */
		1EA42E822BA15641003B104A = {
			isa = PBXGroup;
			children = (
				1EA42E8D2BA15641003B104A /* YWHMovie */,
				1EA42EA42BA15642003B104A /* YWHMovieTests */,
				1EA42EAE2BA15642003B104A /* YWHMovieUITests */,
				1EA42E8C2BA15641003B104A /* Products */,
				D2CF766F2D065962E860642A /* Pods */,
				7DAFD61ED0E7BA2CECC78C49 /* Frameworks */,
			);
			sourceTree = "<group>";
		};
		1EA42E8C2BA15641003B104A /* Products */ = {
			isa = PBXGroup;
			children = (
				1EA42E8B2BA15641003B104A /* YWHMovie.app */,
				1EA42EA12BA15642003B104A /* YWHMovieTests.xctest */,
				1EA42EAB2BA15642003B104A /* YWHMovieUITests.xctest */,
			);
			name = Products;
			sourceTree = "<group>";
		};
		1EA42E8D2BA15641003B104A /* YWHMovie */ = {
			isa = PBXGroup;
			children = (
				1EA42E8E2BA15641003B104A /* AppDelegate.swift */,
				1EA42E902BA15641003B104A /* SceneDelegate.swift */,
				1EA42E922BA15641003B104A /* ViewController.swift */,
				1EA42E942BA15641003B104A /* Main.storyboard */,
				1EA42E972BA15642003B104A /* Assets.xcassets */,
				1EA42E992BA15642003B104A /* LaunchScreen.storyboard */,
				1EA42E9C2BA15642003B104A /* Info.plist */,
			);
			path = YWHMovie;
			sourceTree = "<group>";
		};
		1EA42EA42BA15642003B104A /* YWHMovieTests */ = {
			isa = PBXGroup;
			children = (
				1EA42EA52BA15642003B104A /* YWHMovieTests.swift */,
			);
			path = YWHMovieTests;
			sourceTree = "<group>";
		};
		1EA42EAE2BA15642003B104A /* YWHMovieUITests */ = {
			isa = PBXGroup;
			children = (
				1EA42EAF2BA15642003B104A /* YWHMovieUITests.swift */,
				1EA42EB12BA15642003B104A /* YWHMovieUITestsLaunchTests.swift */,
			);
			path = YWHMovieUITests;
			sourceTree = "<group>";
		};
		7DAFD61ED0E7BA2CECC78C49 /* Frameworks */ = {
			isa = PBXGroup;
			children = (
				595E3D8FD2AAC4342AF36B2A /* Pods_YWHMovie.framework */,
				D34793B3D3E0425CBA14EAA7 /* Pods_YWHMovie_YWHMovieUITests.framework */,
				1D9660D078CE6E6BEFB0D259 /* Pods_YWHMovieTests.framework */,
			);
			name = Frameworks;
			sourceTree = "<group>";
		};
		D2CF766F2D065962E860642A /* Pods */ = {
			isa = PBXGroup;
			children = (
				CF6106E3D86662707247F76F /* Pods-YWHMovie.debug.xcconfig */,
				6C17BDB2FCFEFABC00D2248A /* Pods-YWHMovie.release.xcconfig */,
				627CD1E77D43BD8ADE1EAB7D /* Pods-YWHMovie-YWHMovieUITests.debug.xcconfig */,
				8CEC23C1BB8AB4D363CE72B8 /* Pods-YWHMovie-YWHMovieUITests.release.xcconfig */,
				0E095FC12EF806C64D14C157 /* Pods-YWHMovieTests.debug.xcconfig */,
				120883120002CA2BE0D76621 /* Pods-YWHMovieTests.release.xcconfig */,
			);
			name = Pods;
			path = Pods;
			sourceTree = "<group>";
		};
/* End PBXGroup section */

/* Begin PBXNativeTarget section */
		1EA42E8A2BA15641003B104A /* YWHMovie */ = {
			isa = PBXNativeTarget;
			buildConfigurationList = 1EA42EB52BA15642003B104A /* Build configuration list for PBXNativeTarget "YWHMovie" */;
			buildPhases = (
				BCC778C4EFAA202E55C54B3F /* [CP] Check Pods Manifest.lock */,
				1EA42E872BA15641003B104A /* Sources */,
				1EA42E882BA15641003B104A /* Frameworks */,
				1EA42E892BA15641003B104A /* Resources */,
			);
			buildRules = (
			);
			dependencies = (
			);
			name = YWHMovie;
			productName = YWHMovie;
			productReference = 1EA42E8B2BA15641003B104A /* YWHMovie.app */;
			productType = "com.apple.product-type.application";
		};
		1EA42EA02BA15642003B104A /* YWHMovieTests */ = {
			isa = PBXNativeTarget;
			buildConfigurationList = 1EA42EB82BA15642003B104A /* Build configuration list for PBXNativeTarget "YWHMovieTests" */;
			buildPhases = (
				F02B0415D062E4FFDE0DBCCF /* [CP] Check Pods Manifest.lock */,
				1EA42E9D2BA15642003B104A /* Sources */,
				1EA42E9E2BA15642003B104A /* Frameworks */,
				1EA42E9F2BA15642003B104A /* Resources */,
			);
			buildRules = (
			);
			dependencies = (
				1EA42EA32BA15642003B104A /* PBXTargetDependency */,
			);
			name = YWHMovieTests;
			productName = YWHMovieTests;
			productReference = 1EA42EA12BA15642003B104A /* YWHMovieTests.xctest */;
			productType = "com.apple.product-type.bundle.unit-test";
		};
		1EA42EAA2BA15642003B104A /* YWHMovieUITests */ = {
			isa = PBXNativeTarget;
			buildConfigurationList = 1EA42EBB2BA15642003B104A /* Build configuration list for PBXNativeTarget "YWHMovieUITests" */;
			buildPhases = (
				E8F99D37FEDAA19FE9FFD9F8 /* [CP] Check Pods Manifest.lock */,
				1EA42EA72BA15642003B104A /* Sources */,
				1EA42EA82BA15642003B104A /* Frameworks */,
				1EA42EA92BA15642003B104A /* Resources */,
			);
			buildRules = (
			);
			dependencies = (
				1EA42EAD2BA15642003B104A /* PBXTargetDependency */,
			);
			name = YWHMovieUITests;
			productName = YWHMovieUITests;
			productReference = 1EA42EAB2BA15642003B104A /* YWHMovieUITests.xctest */;
			productType = "com.apple.product-type.bundle.ui-testing";
		};
/* End PBXNativeTarget section */

/* Begin PBXProject section */
		1EA42E832BA15641003B104A /* Project object */ = {
			isa = PBXProject;
			attributes = {
				BuildIndependentTargetsInParallel = 1;
				LastSwiftUpdateCheck = 1520;
				LastUpgradeCheck = 1520;
				TargetAttributes = {
					1EA42E8A2BA15641003B104A = {
						CreatedOnToolsVersion = 15.2;
					};
					1EA42EA02BA15642003B104A = {
						CreatedOnToolsVersion = 15.2;
						TestTargetID = 1EA42E8A2BA15641003B104A;
					};
					1EA42EAA2BA15642003B104A = {
						CreatedOnToolsVersion = 15.2;
						TestTargetID = 1EA42E8A2BA15641003B104A;
					};
				};
			};
			buildConfigurationList = 1EA42E862BA15641003B104A /* Build configuration list for PBXProject "YWHMovie" */;
			compatibilityVersion = "Xcode 14.0";
			developmentRegion = en;
			hasScannedForEncodings = 0;
			knownRegions = (
				en,
				Base,
			);
			mainGroup = 1EA42E822BA15641003B104A;
			productRefGroup = 1EA42E8C2BA15641003B104A /* Products */;
			projectDirPath = "";
			projectRoot = "";
			targets = (
				1EA42E8A2BA15641003B104A /* YWHMovie */,
				1EA42EA02BA15642003B104A /* YWHMovieTests */,
				1EA42EAA2BA15642003B104A /* YWHMovieUITests */,
			);
		};
/* End PBXProject section */

/* Begin PBXResourcesBuildPhase section */
		1EA42E892BA15641003B104A /* Resources */ = {
			isa = PBXResourcesBuildPhase;
			buildActionMask = 2147483647;
			files = (
				1EA42E9B2BA15642003B104A /* LaunchScreen.storyboard in Resources */,
				1EA42E982BA15642003B104A /* Assets.xcassets in Resources */,
				1EA42E962BA15641003B104A /* Main.storyboard in Resources */,
			);
			runOnlyForDeploymentPostprocessing = 0;
		};
		1EA42E9F2BA15642003B104A /* Resources */ = {
			isa = PBXResourcesBuildPhase;
			buildActionMask = 2147483647;
			files = (
			);
			runOnlyForDeploymentPostprocessing = 0;
		};
		1EA42EA92BA15642003B104A /* Resources */ = {
			isa = PBXResourcesBuildPhase;
			buildActionMask = 2147483647;
			files = (
			);
			runOnlyForDeploymentPostprocessing = 0;
		};
/* End PBXResourcesBuildPhase section */

/* Begin PBXShellScriptBuildPhase section */
		BCC778C4EFAA202E55C54B3F /* [CP] Check Pods Manifest.lock */ = {
			isa = PBXShellScriptBuildPhase;
			buildActionMask = 2147483647;
			files = (
			);
			inputFileListPaths = (
			);
			inputPaths = (
				"${PODS_PODFILE_DIR_PATH}/Podfile.lock",
				"${PODS_ROOT}/Manifest.lock",
			);
			name = "[CP] Check Pods Manifest.lock";
			outputFileListPaths = (
			);
			outputPaths = (
				"$(DERIVED_FILE_DIR)/Pods-YWHMovie-checkManifestLockResult.txt",
			);
			runOnlyForDeploymentPostprocessing = 0;
			shellPath = /bin/sh;
			shellScript = "diff \"${PODS_PODFILE_DIR_PATH}/Podfile.lock\" \"${PODS_ROOT}/Manifest.lock\" > /dev/null\nif [ $? != 0 ] ; then\n    # print error to STDERR\n    echo \"error: The sandbox is not in sync with the Podfile.lock. Run 'pod install' or update your CocoaPods installation.\" >&2\n    exit 1\nfi\n# This output is used by Xcode 'outputs' to avoid re-running this script phase.\necho \"SUCCESS\" > \"${SCRIPT_OUTPUT_FILE_0}\"\n";
			showEnvVarsInLog = 0;
		};
		E8F99D37FEDAA19FE9FFD9F8 /* [CP] Check Pods Manifest.lock */ = {
			isa = PBXShellScriptBuildPhase;
			buildActionMask = 2147483647;
			files = (
			);
			inputFileListPaths = (
			);
			inputPaths = (
				"${PODS_PODFILE_DIR_PATH}/Podfile.lock",
				"${PODS_ROOT}/Manifest.lock",
			);
			name = "[CP] Check Pods Manifest.lock";
			outputFileListPaths = (
			);
			outputPaths = (
				"$(DERIVED_FILE_DIR)/Pods-YWHMovie-YWHMovieUITests-checkManifestLockResult.txt",
			);
			runOnlyForDeploymentPostprocessing = 0;
			shellPath = /bin/sh;
			shellScript = "diff \"${PODS_PODFILE_DIR_PATH}/Podfile.lock\" \"${PODS_ROOT}/Manifest.lock\" > /dev/null\nif [ $? != 0 ] ; then\n    # print error to STDERR\n    echo \"error: The sandbox is not in sync with the Podfile.lock. Run 'pod install' or update your CocoaPods installation.\" >&2\n    exit 1\nfi\n# This output is used by Xcode 'outputs' to avoid re-running this script phase.\necho \"SUCCESS\" > \"${SCRIPT_OUTPUT_FILE_0}\"\n";
			showEnvVarsInLog = 0;
		};
		F02B0415D062E4FFDE0DBCCF /* [CP] Check Pods Manifest.lock */ = {
			isa = PBXShellScriptBuildPhase;
			buildActionMask = 2147483647;
			files = (
			);
			inputFileListPaths = (
			);
			inputPaths = (
				"${PODS_PODFILE_DIR_PATH}/Podfile.lock",
				"${PODS_ROOT}/Manifest.lock",
			);
			name = "[CP] Check Pods Manifest.lock";
			outputFileListPaths = (
			);
			outputPaths = (
				"$(DERIVED_FILE_DIR)/Pods-YWHMovieTests-checkManifestLockResult.txt",
			);
			runOnlyForDeploymentPostprocessing = 0;
			shellPath = /bin/sh;
			shellScript = "diff \"${PODS_PODFILE_DIR_PATH}/Podfile.lock\" \"${PODS_ROOT}/Manifest.lock\" > /dev/null\nif [ $? != 0 ] ; then\n    # print error to STDERR\n    echo \"error: The sandbox is not in sync with the Podfile.lock. Run 'pod install' or update your CocoaPods installation.\" >&2\n    exit 1\nfi\n# This output is used by Xcode 'outputs' to avoid re-running this script phase.\necho \"SUCCESS\" > \"${SCRIPT_OUTPUT_FILE_0}\"\n";
			showEnvVarsInLog = 0;
		};
/* End PBXShellScriptBuildPhase section */

/* Begin PBXSourcesBuildPhase section */
		1EA42E872BA15641003B104A /* Sources */ = {
			isa = PBXSourcesBuildPhase;
			buildActionMask = 2147483647;
			files = (
				1EA42E932BA15641003B104A /* ViewController.swift in Sources */,
				1EA42E8F2BA15641003B104A /* AppDelegate.swift in Sources */,
				1EA42E912BA15641003B104A /* SceneDelegate.swift in Sources */,
			);
			runOnlyForDeploymentPostprocessing = 0;
		};
		1EA42E9D2BA15642003B104A /* Sources */ = {
			isa = PBXSourcesBuildPhase;
			buildActionMask = 2147483647;
			files = (
				1EA42EA62BA15642003B104A /* YWHMovieTests.swift in Sources */,
			);
			runOnlyForDeploymentPostprocessing = 0;
		};
		1EA42EA72BA15642003B104A /* Sources */ = {
			isa = PBXSourcesBuildPhase;
			buildActionMask = 2147483647;
			files = (
				1EA42EB22BA15642003B104A /* YWHMovieUITestsLaunchTests.swift in Sources */,
				1EA42EB02BA15642003B104A /* YWHMovieUITests.swift in Sources */,
			);
			runOnlyForDeploymentPostprocessing = 0;
		};
/* End PBXSourcesBuildPhase section */

/* Begin PBXTargetDependency section */
		1EA42EA32BA15642003B104A /* PBXTargetDependency */ = {
			isa = PBXTargetDependency;
			target = 1EA42E8A2BA15641003B104A /* YWHMovie */;
			targetProxy = 1EA42EA22BA15642003B104A /* PBXContainerItemProxy */;
		};
		1EA42EAD2BA15642003B104A /* PBXTargetDependency */ = {
			isa = PBXTargetDependency;
			target = 1EA42E8A2BA15641003B104A /* YWHMovie */;
			targetProxy = 1EA42EAC2BA15642003B104A /* PBXContainerItemProxy */;
		};
/* End PBXTargetDependency section */

/* Begin PBXVariantGroup section */
		1EA42E942BA15641003B104A /* Main.storyboard */ = {
			isa = PBXVariantGroup;
			children = (
				1EA42E952BA15641003B104A /* Base */,
			);
			name = Main.storyboard;
			sourceTree = "<group>";
		};
		1EA42E992BA15642003B104A /* LaunchScreen.storyboard */ = {
			isa = PBXVariantGroup;
			children = (
				1EA42E9A2BA15642003B104A /* Base */,
			);
			name = LaunchScreen.storyboard;
			sourceTree = "<group>";
		};
/* End PBXVariantGroup section */

/* Begin XCBuildConfiguration section */
		1EA42EB32BA15642003B104A /* Debug */ = {
			isa = XCBuildConfiguration;
			buildSettings = {
				ALWAYS_SEARCH_USER_PATHS = NO;
				ASSETCATALOG_COMPILER_GENERATE_SWIFT_ASSET_SYMBOL_EXTENSIONS = YES;
				CLANG_ANALYZER_NONNULL = YES;
				CLANG_ANALYZER_NUMBER_OBJECT_CONVERSION = YES_AGGRESSIVE;
				CLANG_CXX_LANGUAGE_STANDARD = "gnu++20";
				CLANG_ENABLE_MODULES = YES;
				CLANG_ENABLE_OBJC_ARC = YES;
				CLANG_ENABLE_OBJC_WEAK = YES;
				CLANG_WARN_BLOCK_CAPTURE_AUTORELEASING = YES;
				CLANG_WARN_BOOL_CONVERSION = YES;
				CLANG_WARN_COMMA = YES;
				CLANG_WARN_CONSTANT_CONVERSION = YES;
				CLANG_WARN_DEPRECATED_OBJC_IMPLEMENTATIONS = YES;
				CLANG_WARN_DIRECT_OBJC_ISA_USAGE = YES_ERROR;
				CLANG_WARN_DOCUMENTATION_COMMENTS = YES;
				CLANG_WARN_EMPTY_BODY = YES;
				CLANG_WARN_ENUM_CONVERSION = YES;
				CLANG_WARN_INFINITE_RECURSION = YES;
				CLANG_WARN_INT_CONVERSION = YES;
				CLANG_WARN_NON_LITERAL_NULL_CONVERSION = YES;
				CLANG_WARN_OBJC_IMPLICIT_RETAIN_SELF = YES;
				CLANG_WARN_OBJC_LITERAL_CONVERSION = YES;
				CLANG_WARN_OBJC_ROOT_CLASS = YES_ERROR;
				CLANG_WARN_QUOTED_INCLUDE_IN_FRAMEWORK_HEADER = YES;
				CLANG_WARN_RANGE_LOOP_ANALYSIS = YES;
				CLANG_WARN_STRICT_PROTOTYPES = YES;
				CLANG_WARN_SUSPICIOUS_MOVE = YES;
				CLANG_WARN_UNGUARDED_AVAILABILITY = YES_AGGRESSIVE;
				CLANG_WARN_UNREACHABLE_CODE = YES;
				CLANG_WARN__DUPLICATE_METHOD_MATCH = YES;
				COPY_PHASE_STRIP = NO;
				DEBUG_INFORMATION_FORMAT = dwarf;
				ENABLE_STRICT_OBJC_MSGSEND = YES;
				ENABLE_TESTABILITY = YES;
				ENABLE_USER_SCRIPT_SANDBOXING = YES;
				GCC_C_LANGUAGE_STANDARD = gnu17;
				GCC_DYNAMIC_NO_PIC = NO;
				GCC_NO_COMMON_BLOCKS = YES;
				GCC_OPTIMIZATION_LEVEL = 0;
				GCC_PREPROCESSOR_DEFINITIONS = (
					"DEBUG=1",
					"$(inherited)",
				);
				GCC_WARN_64_TO_32_BIT_CONVERSION = YES;
				GCC_WARN_ABOUT_RETURN_TYPE = YES_ERROR;
				GCC_WARN_UNDECLARED_SELECTOR = YES;
				GCC_WARN_UNINITIALIZED_AUTOS = YES_AGGRESSIVE;
				GCC_WARN_UNUSED_FUNCTION = YES;
				GCC_WARN_UNUSED_VARIABLE = YES;
				IPHONEOS_DEPLOYMENT_TARGET = 17.2;
				LOCALIZATION_PREFERS_STRING_CATALOGS = YES;
				MTL_ENABLE_DEBUG_INFO = INCLUDE_SOURCE;
				MTL_FAST_MATH = YES;
				ONLY_ACTIVE_ARCH = YES;
				SDKROOT = iphoneos;
				SWIFT_ACTIVE_COMPILATION_CONDITIONS = "DEBUG $(inherited)";
				SWIFT_OPTIMIZATION_LEVEL = "-Onone";
			};
			name = Debug;
		};
		1EA42EB42BA15642003B104A /* Release */ = {
			isa = XCBuildConfiguration;
			buildSettings = {
				ALWAYS_SEARCH_USER_PATHS = NO;
				ASSETCATALOG_COMPILER_GENERATE_SWIFT_ASSET_SYMBOL_EXTENSIONS = YES;
				CLANG_ANALYZER_NONNULL = YES;
				CLANG_ANALYZER_NUMBER_OBJECT_CONVERSION = YES_AGGRESSIVE;
				CLANG_CXX_LANGUAGE_STANDARD = "gnu++20";
				CLANG_ENABLE_MODULES = YES;
				CLANG_ENABLE_OBJC_ARC = YES;
				CLANG_ENABLE_OBJC_WEAK = YES;
				CLANG_WARN_BLOCK_CAPTURE_AUTORELEASING = YES;
				CLANG_WARN_BOOL_CONVERSION = YES;
				CLANG_WARN_COMMA = YES;
				CLANG_WARN_CONSTANT_CONVERSION = YES;
				CLANG_WARN_DEPRECATED_OBJC_IMPLEMENTATIONS = YES;
				CLANG_WARN_DIRECT_OBJC_ISA_USAGE = YES_ERROR;
				CLANG_WARN_DOCUMENTATION_COMMENTS = YES;
				CLANG_WARN_EMPTY_BODY = YES;
				CLANG_WARN_ENUM_CONVERSION = YES;
				CLANG_WARN_INFINITE_RECURSION = YES;
				CLANG_WARN_INT_CONVERSION = YES;
				CLANG_WARN_NON_LITERAL_NULL_CONVERSION = YES;
				CLANG_WARN_OBJC_IMPLICIT_RETAIN_SELF = YES;
				CLANG_WARN_OBJC_LITERAL_CONVERSION = YES;
				CLANG_WARN_OBJC_ROOT_CLASS = YES_ERROR;
				CLANG_WARN_QUOTED_INCLUDE_IN_FRAMEWORK_HEADER = YES;
				CLANG_WARN_RANGE_LOOP_ANALYSIS = YES;
				CLANG_WARN_STRICT_PROTOTYPES = YES;
				CLANG_WARN_SUSPICIOUS_MOVE = YES;
				CLANG_WARN_UNGUARDED_AVAILABILITY = YES_AGGRESSIVE;
				CLANG_WARN_UNREACHABLE_CODE = YES;
				CLANG_WARN__DUPLICATE_METHOD_MATCH = YES;
				COPY_PHASE_STRIP = NO;
				DEBUG_INFORMATION_FORMAT = "dwarf-with-dsym";
				ENABLE_NS_ASSERTIONS = NO;
				ENABLE_STRICT_OBJC_MSGSEND = YES;
				ENABLE_USER_SCRIPT_SANDBOXING = YES;
				GCC_C_LANGUAGE_STANDARD = gnu17;
				GCC_NO_COMMON_BLOCKS = YES;
				GCC_WARN_64_TO_32_BIT_CONVERSION = YES;
				GCC_WARN_ABOUT_RETURN_TYPE = YES_ERROR;
				GCC_WARN_UNDECLARED_SELECTOR = YES;
				GCC_WARN_UNINITIALIZED_AUTOS = YES_AGGRESSIVE;
				GCC_WARN_UNUSED_FUNCTION = YES;
				GCC_WARN_UNUSED_VARIABLE = YES;
				IPHONEOS_DEPLOYMENT_TARGET = 17.2;
				LOCALIZATION_PREFERS_STRING_CATALOGS = YES;
				MTL_ENABLE_DEBUG_INFO = NO;
				MTL_FAST_MATH = YES;
				SDKROOT = iphoneos;
				SWIFT_COMPILATION_MODE = wholemodule;
				VALIDATE_PRODUCT = YES;
			};
			name = Release;
		};
		1EA42EB62BA15642003B104A /* Debug */ = {
			isa = XCBuildConfiguration;
			baseConfigurationReference = CF6106E3D86662707247F76F /* Pods-YWHMovie.debug.xcconfig */;
			buildSettings = {
				ASSETCATALOG_COMPILER_APPICON_NAME = AppIcon;
				ASSETCATALOG_COMPILER_GLOBAL_ACCENT_COLOR_NAME = AccentColor;
				CODE_SIGN_STYLE = Automatic;
				CURRENT_PROJECT_VERSION = 1;
				DEVELOPMENT_TEAM = 8THDYM7TFT;
				GENERATE_INFOPLIST_FILE = YES;
				INFOPLIST_FILE = YWHMovie/Info.plist;
				INFOPLIST_KEY_UIApplicationSupportsIndirectInputEvents = YES;
				INFOPLIST_KEY_UILaunchStoryboardName = LaunchScreen;
				INFOPLIST_KEY_UIMainStoryboardFile = Main;
				INFOPLIST_KEY_UISupportedInterfaceOrientations_iPad = "UIInterfaceOrientationPortrait UIInterfaceOrientationPortraitUpsideDown UIInterfaceOrientationLandscapeLeft UIInterfaceOrientationLandscapeRight";
				INFOPLIST_KEY_UISupportedInterfaceOrientations_iPhone = "UIInterfaceOrientationPortrait UIInterfaceOrientationLandscapeLeft UIInterfaceOrientationLandscapeRight";
				LD_RUNPATH_SEARCH_PATHS = (
					"$(inherited)",
					"@executable_path/Frameworks",
				);
				MARKETING_VERSION = 1.0;
				PRODUCT_BUNDLE_IDENTIFIER = com.lianjian.YWHMovie;
				PRODUCT_NAME = "$(TARGET_NAME)";
				SWIFT_EMIT_LOC_STRINGS = YES;
				SWIFT_VERSION = 5.0;
				TARGETED_DEVICE_FAMILY = "1,2";
			};
			name = Debug;
		};
		1EA42EB72BA15642003B104A /* Release */ = {
			isa = XCBuildConfiguration;
			baseConfigurationReference = 6C17BDB2FCFEFABC00D2248A /* Pods-YWHMovie.release.xcconfig */;
			buildSettings = {
				ASSETCATALOG_COMPILER_APPICON_NAME = AppIcon;
				ASSETCATALOG_COMPILER_GLOBAL_ACCENT_COLOR_NAME = AccentColor;
				CODE_SIGN_STYLE = Automatic;
				CURRENT_PROJECT_VERSION = 1;
				DEVELOPMENT_TEAM = 8THDYM7TFT;
				GENERATE_INFOPLIST_FILE = YES;
				INFOPLIST_FILE = YWHMovie/Info.plist;
				INFOPLIST_KEY_UIApplicationSupportsIndirectInputEvents = YES;
				INFOPLIST_KEY_UILaunchStoryboardName = LaunchScreen;
				INFOPLIST_KEY_UIMainStoryboardFile = Main;
				INFOPLIST_KEY_UISupportedInterfaceOrientations_iPad = "UIInterfaceOrientationPortrait UIInterfaceOrientationPortraitUpsideDown UIInterfaceOrientationLandscapeLeft UIInterfaceOrientationLandscapeRight";
				INFOPLIST_KEY_UISupportedInterfaceOrientations_iPhone = "UIInterfaceOrientationPortrait UIInterfaceOrientationLandscapeLeft UIInterfaceOrientationLandscapeRight";
				LD_RUNPATH_SEARCH_PATHS = (
					"$(inherited)",
					"@executable_path/Frameworks",
				);
				MARKETING_VERSION = 1.0;
				PRODUCT_BUNDLE_IDENTIFIER = com.lianjian.YWHMovie;
				PRODUCT_NAME = "$(TARGET_NAME)";
				SWIFT_EMIT_LOC_STRINGS = YES;
				SWIFT_VERSION = 5.0;
				TARGETED_DEVICE_FAMILY = "1,2";
			};
			name = Release;
		};
		1EA42EB92BA15642003B104A /* Debug */ = {
			isa = XCBuildConfiguration;
			baseConfigurationReference = 0E095FC12EF806C64D14C157 /* Pods-YWHMovieTests.debug.xcconfig */;
			buildSettings = {
				ALWAYS_EMBED_SWIFT_STANDARD_LIBRARIES = YES;
				BUNDLE_LOADER = "$(TEST_HOST)";
				CODE_SIGN_STYLE = Automatic;
				CURRENT_PROJECT_VERSION = 1;
				DEVELOPMENT_TEAM = 8THDYM7TFT;
				GENERATE_INFOPLIST_FILE = YES;
				IPHONEOS_DEPLOYMENT_TARGET = 17.2;
				MARKETING_VERSION = 1.0;
				PRODUCT_BUNDLE_IDENTIFIER = com.lianjian.YWHMovieTests;
				PRODUCT_NAME = "$(TARGET_NAME)";
				SWIFT_EMIT_LOC_STRINGS = NO;
				SWIFT_VERSION = 5.0;
				TARGETED_DEVICE_FAMILY = "1,2";
				TEST_HOST = "$(BUILT_PRODUCTS_DIR)/YWHMovie.app/$(BUNDLE_EXECUTABLE_FOLDER_PATH)/YWHMovie";
			};
			name = Debug;
		};
		1EA42EBA2BA15642003B104A /* Release */ = {
			isa = XCBuildConfiguration;
			baseConfigurationReference = 120883120002CA2BE0D76621 /* Pods-YWHMovieTests.release.xcconfig */;
			buildSettings = {
				ALWAYS_EMBED_SWIFT_STANDARD_LIBRARIES = YES;
				BUNDLE_LOADER = "$(TEST_HOST)";
				CODE_SIGN_STYLE = Automatic;
				CURRENT_PROJECT_VERSION = 1;
				DEVELOPMENT_TEAM = 8THDYM7TFT;
				GENERATE_INFOPLIST_FILE = YES;
				IPHONEOS_DEPLOYMENT_TARGET = 17.2;
				MARKETING_VERSION = 1.0;
				PRODUCT_BUNDLE_IDENTIFIER = com.lianjian.YWHMovieTests;
				PRODUCT_NAME = "$(TARGET_NAME)";
				SWIFT_EMIT_LOC_STRINGS = NO;
				SWIFT_VERSION = 5.0;
				TARGETED_DEVICE_FAMILY = "1,2";
				TEST_HOST = "$(BUILT_PRODUCTS_DIR)/YWHMovie.app/$(BUNDLE_EXECUTABLE_FOLDER_PATH)/YWHMovie";
			};
			name = Release;
		};
		1EA42EBC2BA15642003B104A /* Debug */ = {
			isa = XCBuildConfiguration;
			baseConfigurationReference = 627CD1E77D43BD8ADE1EAB7D /* Pods-YWHMovie-YWHMovieUITests.debug.xcconfig */;
			buildSettings = {
				ALWAYS_EMBED_SWIFT_STANDARD_LIBRARIES = YES;
				CODE_SIGN_STYLE = Automatic;
				CURRENT_PROJECT_VERSION = 1;
				DEVELOPMENT_TEAM = 8THDYM7TFT;
				GENERATE_INFOPLIST_FILE = YES;
				MARKETING_VERSION = 1.0;
				PRODUCT_BUNDLE_IDENTIFIER = com.lianjian.YWHMovieUITests;
				PRODUCT_NAME = "$(TARGET_NAME)";
				SWIFT_EMIT_LOC_STRINGS = NO;
				SWIFT_VERSION = 5.0;
				TARGETED_DEVICE_FAMILY = "1,2";
				TEST_TARGET_NAME = YWHMovie;
			};
			name = Debug;
		};
		1EA42EBD2BA15642003B104A /* Release */ = {
			isa = XCBuildConfiguration;
			baseConfigurationReference = 8CEC23C1BB8AB4D363CE72B8 /* Pods-YWHMovie-YWHMovieUITests.release.xcconfig */;
			buildSettings = {
				ALWAYS_EMBED_SWIFT_STANDARD_LIBRARIES = YES;
				CODE_SIGN_STYLE = Automatic;
				CURRENT_PROJECT_VERSION = 1;
				DEVELOPMENT_TEAM = 8THDYM7TFT;
				GENERATE_INFOPLIST_FILE = YES;
				MARKETING_VERSION = 1.0;
				PRODUCT_BUNDLE_IDENTIFIER = com.lianjian.YWHMovieUITests;
				PRODUCT_NAME = "$(TARGET_NAME)";
				SWIFT_EMIT_LOC_STRINGS = NO;
				SWIFT_VERSION = 5.0;
				TARGETED_DEVICE_FAMILY = "1,2";
				TEST_TARGET_NAME = YWHMovie;
			};
			name = Release;
		};
/* End XCBuildConfiguration section */

/* Begin XCConfigurationList section */
		1EA42E862BA15641003B104A /* Build configuration list for PBXProject "YWHMovie" */ = {
			isa = XCConfigurationList;
			buildConfigurations = (
				1EA42EB32BA15642003B104A /* Debug */,
				1EA42EB42BA15642003B104A /* Release */,
			);
			defaultConfigurationIsVisible = 0;
			defaultConfigurationName = Release;
		};
		1EA42EB52BA15642003B104A /* Build configuration list for PBXNativeTarget "YWHMovie" */ = {
			isa = XCConfigurationList;
			buildConfigurations = (
				1EA42EB62BA15642003B104A /* Debug */,
				1EA42EB72BA15642003B104A /* Release */,
			);
			defaultConfigurationIsVisible = 0;
			defaultConfigurationName = Release;
		};
		1EA42EB82BA15642003B104A /* Build configuration list for PBXNativeTarget "YWHMovieTests" */ = {
			isa = XCConfigurationList;
			buildConfigurations = (
				1EA42EB92BA15642003B104A /* Debug */,
				1EA42EBA2BA15642003B104A /* Release */,
			);
			defaultConfigurationIsVisible = 0;
			defaultConfigurationName = Release;
		};
		1EA42EBB2BA15642003B104A /* Build configuration list for PBXNativeTarget "YWHMovieUITests" */ = {
			isa = XCConfigurationList;
			buildConfigurations = (
				1EA42EBC2BA15642003B104A /* Debug */,
				1EA42EBD2BA15642003B104A /* Release */,
			);
			defaultConfigurationIsVisible = 0;
			defaultConfigurationName = Release;
		};
/* End XCConfigurationList section */
	};
	rootObject = 1EA42E832BA15641003B104A /* Project object */;
}
