// !$*UTF8*$!
{
	archiveVersion = 1;
	classes = {
	};
	objectVersion = 56;
	objects = {

/* Begin PBXBuildFile section */
		1EA42E8F2BA15641003B104A /* AppDelegate.swift in Sources */ = {isa = PBXBuildFile; fileRef = 1EA42E8E2BA15641003B104A /* AppDelegate.swift */; };
		1EA42E912BA15641003B104A /* SceneDelegate.swift in Sources */ = {isa = PBXBuildFile; fileRef = 1EA42E902BA15641003B104A /* SceneDelegate.swift */; };
		1EA42E962BA15641003B104A /* Main.storyboard in Resources */ = {isa = PBXBuildFile; fileRef = 1EA42E942BA15641003B104A /* Main.storyboard */; };
		1EA42E982BA15642003B104A /* Assets.xcassets in Resources */ = {isa = PBXBuildFile; fileRef = 1EA42E972BA15642003B104A /* Assets.xcassets */; };
		1EA42E9B2BA15642003B104A /* LaunchScreen.storyboard in Resources */ = {isa = PBXBuildFile; fileRef = 1EA42E992BA15642003B104A /* LaunchScreen.storyboard */; };
		1EA42EA62BA15642003B104A /* YWHMovieTests.swift in Sources */ = {isa = PBXBuildFile; fileRef = 1EA42EA52BA15642003B104A /* YWHMovieTests.swift */; };
		1EA42EB02BA15642003B104A /* YWHMovieUITests.swift in Sources */ = {isa = PBXBuildFile; fileRef = 1EA42EAF2BA15642003B104A /* YWHMovieUITests.swift */; };
		1EA42EB22BA15642003B104A /* YWHMovieUITestsLaunchTests.swift in Sources */ = {isa = PBXBuildFile; fileRef = 1EA42EB12BA15642003B104A /* YWHMovieUITestsLaunchTests.swift */; };
		1EA42EC32BA15958003B104A /* ErrorTracker.swift in Sources */ = {isa = PBXBuildFile; fileRef = 1EA42EC02BA15958003B104A /* ErrorTracker.swift */; };
		1EA42EC42BA15958003B104A /* ActivityIndicator.swift in Sources */ = {isa = PBXBuildFile; fileRef = 1EA42EC22BA15958003B104A /* ActivityIndicator.swift */; };
		1EA42ED62BA18B9F003B104A /* UIImage+SwiftHub.swift in Sources */ = {isa = PBXBuildFile; fileRef = 1EA42EC72BA18B9F003B104A /* UIImage+SwiftHub.swift */; };
		1EA42ED72BA18B9F003B104A /* UIColor+SwiftHub.swift in Sources */ = {isa = PBXBuildFile; fileRef = 1EA42EC92BA18B9F003B104A /* UIColor+SwiftHub.swift */; };
		1EA42ED82BA18B9F003B104A /* UIView+Borders.swift in Sources */ = {isa = PBXBuildFile; fileRef = 1EA42ECB2BA18B9F003B104A /* UIView+Borders.swift */; };
		1EA42ED92BA18B9F003B104A /* UIView+SwiftHub.swift in Sources */ = {isa = PBXBuildFile; fileRef = 1EA42ECC2BA18B9F003B104A /* UIView+SwiftHub.swift */; };
		1EA42EDA2BA18B9F003B104A /* KafkaRefresh+Rx.swift in Sources */ = {isa = PBXBuildFile; fileRef = 1EA42ECE2BA18B9F003B104A /* KafkaRefresh+Rx.swift */; };
		1EA42EDB2BA18B9F003B104A /* Kingfisher+Rx.swift in Sources */ = {isa = PBXBuildFile; fileRef = 1EA42ECF2BA18B9F003B104A /* Kingfisher+Rx.swift */; };
		1EA42EDC2BA18B9F003B104A /* Observable+Logging.swift in Sources */ = {isa = PBXBuildFile; fileRef = 1EA42ED02BA18B9F003B104A /* Observable+Logging.swift */; };
		1EA42EDD2BA18B9F003B104A /* Observable+Operators.swift in Sources */ = {isa = PBXBuildFile; fileRef = 1EA42ED12BA18B9F003B104A /* Observable+Operators.swift */; };
		1EA42EDE2BA18B9F003B104A /* UIFont+SwiftHub.swift in Sources */ = {isa = PBXBuildFile; fileRef = 1EA42ED32BA18B9F003B104A /* UIFont+SwiftHub.swift */; };
		1EA42EDF2BA18B9F003B104A /* Foundation+SwiftHub.swift in Sources */ = {isa = PBXBuildFile; fileRef = 1EA42ED52BA18B9F003B104A /* Foundation+SwiftHub.swift */; };
		1EA42EFC2BA18D4B003B104A /* Configs.swift in Sources */ = {isa = PBXBuildFile; fileRef = 1EA42EE12BA18D4B003B104A /* Configs.swift */; };
		1EA42F082BA18EB0003B104A /* ThemeManager.swift in Sources */ = {isa = PBXBuildFile; fileRef = 1EA42F002BA18EB0003B104A /* ThemeManager.swift */; };
		1EA42F092BA18EB0003B104A /* Reachability.swift in Sources */ = {isa = PBXBuildFile; fileRef = 1EA42F012BA18EB0003B104A /* Reachability.swift */; };
		1EA42F0B2BA18EB0003B104A /* LogManager.swift in Sources */ = {isa = PBXBuildFile; fileRef = 1EA42F032BA18EB0003B104A /* LogManager.swift */; };
		1EA42F102BA1952E003B104A /* Application.swift in Sources */ = {isa = PBXBuildFile; fileRef = 1EA42F0F2BA1952E003B104A /* Application.swift */; };
		1EA42F152BA198E0003B104A /* .swiftlint.yml in Resources */ = {isa = PBXBuildFile; fileRef = 1EA42F142BA198E0003B104A /* .swiftlint.yml */; };
		1EC3517F2BA1A59E00EF8BF6 /* Navigator.swift in Sources */ = {isa = PBXBuildFile; fileRef = 1EC3517E2BA1A59E00EF8BF6 /* Navigator.swift */; };
		1EC351822BA1A9E800EF8BF6 /* NavigationController.swift in Sources */ = {isa = PBXBuildFile; fileRef = 1EC351812BA1A9E800EF8BF6 /* NavigationController.swift */; };
		1EC351842BA1AAE700EF8BF6 /* ViewModelType.swift in Sources */ = {isa = PBXBuildFile; fileRef = 1EC351832BA1AAE700EF8BF6 /* ViewModelType.swift */; };
		1EC351C92BA1AB0900EF8BF6 /* Api.swift in Sources */ = {isa = PBXBuildFile; fileRef = 1EC3518F2BA1AB0900EF8BF6 /* Api.swift */; };
		1EC3522C2BA1AE6100EF8BF6 /* RepositorySearch.json in Resources */ = {isa = PBXBuildFile; fileRef = 1EC351FC2BA1AE6100EF8BF6 /* RepositorySearch.json */; };
		1EC3522D2BA1AE6100EF8BF6 /* RepositoryTrendings.json in Resources */ = {isa = PBXBuildFile; fileRef = 1EC351FD2BA1AE6100EF8BF6 /* RepositoryTrendings.json */; };
		1EC3522E2BA1AE6100EF8BF6 /* RepositoryPullRequests.json in Resources */ = {isa = PBXBuildFile; fileRef = 1EC351FE2BA1AE6100EF8BF6 /* RepositoryPullRequests.json */; };
		1EC3522F2BA1AE6100EF8BF6 /* EventsRepository.json in Resources */ = {isa = PBXBuildFile; fileRef = 1EC351FF2BA1AE6100EF8BF6 /* EventsRepository.json */; };
		1EC352302BA1AE6100EF8BF6 /* Languages.json in Resources */ = {isa = PBXBuildFile; fileRef = 1EC352002BA1AE6100EF8BF6 /* Languages.json */; };
		1EC352312BA1AE6100EF8BF6 /* UserRepositories.json in Resources */ = {isa = PBXBuildFile; fileRef = 1EC352012BA1AE6100EF8BF6 /* UserRepositories.json */; };
		1EC352322BA1AE6100EF8BF6 /* RepositoryRelease.json in Resources */ = {isa = PBXBuildFile; fileRef = 1EC352022BA1AE6100EF8BF6 /* RepositoryRelease.json */; };
		1EC352332BA1AE6100EF8BF6 /* Events.json in Resources */ = {isa = PBXBuildFile; fileRef = 1EC352032BA1AE6100EF8BF6 /* Events.json */; };
		1EC352342BA1AE6100EF8BF6 /* RepositoryIssue.json in Resources */ = {isa = PBXBuildFile; fileRef = 1EC352042BA1AE6100EF8BF6 /* RepositoryIssue.json */; };
		1EC352352BA1AE6100EF8BF6 /* RepositoryBranch.json in Resources */ = {isa = PBXBuildFile; fileRef = 1EC352052BA1AE6100EF8BF6 /* RepositoryBranch.json */; };
		1EC352362BA1AE6100EF8BF6 /* RepositoryPullRequestComments.json in Resources */ = {isa = PBXBuildFile; fileRef = 1EC352062BA1AE6100EF8BF6 /* RepositoryPullRequestComments.json */; };
		1EC352372BA1AE6100EF8BF6 /* RepositoryContributors.json in Resources */ = {isa = PBXBuildFile; fileRef = 1EC352072BA1AE6100EF8BF6 /* RepositoryContributors.json */; };
		1EC352382BA1AE6100EF8BF6 /* Repository.json in Resources */ = {isa = PBXBuildFile; fileRef = 1EC352082BA1AE6100EF8BF6 /* Repository.json */; };
		1EC352392BA1AE6100EF8BF6 /* RepositoryStargazers.json in Resources */ = {isa = PBXBuildFile; fileRef = 1EC352092BA1AE6100EF8BF6 /* RepositoryStargazers.json */; };
		1EC3523A2BA1AE6100EF8BF6 /* UserTrendings.json in Resources */ = {isa = PBXBuildFile; fileRef = 1EC3520A2BA1AE6100EF8BF6 /* UserTrendings.json */; };
		1EC3523B2BA1AE6100EF8BF6 /* UserRepositoriesStarred.json in Resources */ = {isa = PBXBuildFile; fileRef = 1EC3520B2BA1AE6100EF8BF6 /* UserRepositoriesStarred.json */; };
		1EC3523C2BA1AE6100EF8BF6 /* EmptyArray.json in Resources */ = {isa = PBXBuildFile; fileRef = 1EC3520C2BA1AE6100EF8BF6 /* EmptyArray.json */; };
		1EC3523D2BA1AE6100EF8BF6 /* EventsUserReceived.json in Resources */ = {isa = PBXBuildFile; fileRef = 1EC3520D2BA1AE6100EF8BF6 /* EventsUserReceived.json */; };
		1EC3523E2BA1AE6100EF8BF6 /* UserRepositoriesWatching.json in Resources */ = {isa = PBXBuildFile; fileRef = 1EC3520E2BA1AE6100EF8BF6 /* UserRepositoriesWatching.json */; };
		1EC3523F2BA1AE6100EF8BF6 /* UserSearch.json in Resources */ = {isa = PBXBuildFile; fileRef = 1EC3520F2BA1AE6100EF8BF6 /* UserSearch.json */; };
		1EC352402BA1AE6100EF8BF6 /* UserFollowers.json in Resources */ = {isa = PBXBuildFile; fileRef = 1EC352102BA1AE6100EF8BF6 /* UserFollowers.json */; };
		1EC352412BA1AE6100EF8BF6 /* User.json in Resources */ = {isa = PBXBuildFile; fileRef = 1EC352112BA1AE6100EF8BF6 /* User.json */; };
		1EC352422BA1AE6100EF8BF6 /* EventsUserPerformed.json in Resources */ = {isa = PBXBuildFile; fileRef = 1EC352122BA1AE6100EF8BF6 /* EventsUserPerformed.json */; };
		1EC352432BA1AE6100EF8BF6 /* RepositoryIssues.json in Resources */ = {isa = PBXBuildFile; fileRef = 1EC352132BA1AE6100EF8BF6 /* RepositoryIssues.json */; };
		1EC352442BA1AE6100EF8BF6 /* Notifications.json in Resources */ = {isa = PBXBuildFile; fileRef = 1EC352142BA1AE6100EF8BF6 /* Notifications.json */; };
		1EC352452BA1AE6100EF8BF6 /* RepositoryNumberOfLines.json in Resources */ = {isa = PBXBuildFile; fileRef = 1EC352152BA1AE6100EF8BF6 /* RepositoryNumberOfLines.json */; };
		1EC352462BA1AE6100EF8BF6 /* RepositoryIssueComments.json in Resources */ = {isa = PBXBuildFile; fileRef = 1EC352162BA1AE6100EF8BF6 /* RepositoryIssueComments.json */; };
		1EC352472BA1AE6100EF8BF6 /* Organization.json in Resources */ = {isa = PBXBuildFile; fileRef = 1EC352172BA1AE6100EF8BF6 /* Organization.json */; };
		1EC352482BA1AE6100EF8BF6 /* RepositoryReadme.json in Resources */ = {isa = PBXBuildFile; fileRef = 1EC352182BA1AE6100EF8BF6 /* RepositoryReadme.json */; };
		1EC352492BA1AE6100EF8BF6 /* EmptyObject.json in Resources */ = {isa = PBXBuildFile; fileRef = 1EC352192BA1AE6100EF8BF6 /* EmptyObject.json */; };
		1EC3524A2BA1AE6100EF8BF6 /* RepositoryCommit.json in Resources */ = {isa = PBXBuildFile; fileRef = 1EC3521A2BA1AE6100EF8BF6 /* RepositoryCommit.json */; };
		1EC3524B2BA1AE6100EF8BF6 /* UserFollowing.json in Resources */ = {isa = PBXBuildFile; fileRef = 1EC3521B2BA1AE6100EF8BF6 /* UserFollowing.json */; };
		1EC3524C2BA1AE6100EF8BF6 /* RepositoryCommits.json in Resources */ = {isa = PBXBuildFile; fileRef = 1EC3521C2BA1AE6100EF8BF6 /* RepositoryCommits.json */; };
		1EC3524D2BA1AE6100EF8BF6 /* NotificationsRepository.json in Resources */ = {isa = PBXBuildFile; fileRef = 1EC3521D2BA1AE6100EF8BF6 /* NotificationsRepository.json */; };
		1EC3524E2BA1AE6100EF8BF6 /* RepositoryContents.json in Resources */ = {isa = PBXBuildFile; fileRef = 1EC3521E2BA1AE6100EF8BF6 /* RepositoryContents.json */; };
		1EC3524F2BA1AE6100EF8BF6 /* RepositoryForks.json in Resources */ = {isa = PBXBuildFile; fileRef = 1EC3521F2BA1AE6100EF8BF6 /* RepositoryForks.json */; };
		1EC352502BA1AE6100EF8BF6 /* RepositoryBranches.json in Resources */ = {isa = PBXBuildFile; fileRef = 1EC352202BA1AE6100EF8BF6 /* RepositoryBranches.json */; };
		1EC352512BA1AE6100EF8BF6 /* Profile.json in Resources */ = {isa = PBXBuildFile; fileRef = 1EC352212BA1AE6100EF8BF6 /* Profile.json */; };
		1EC352522BA1AE6100EF8BF6 /* RepositoryReleases.json in Resources */ = {isa = PBXBuildFile; fileRef = 1EC352222BA1AE6100EF8BF6 /* RepositoryReleases.json */; };
		1EC352532BA1AE6100EF8BF6 /* RepositoryPullRequest.json in Resources */ = {isa = PBXBuildFile; fileRef = 1EC352232BA1AE6100EF8BF6 /* RepositoryPullRequest.json */; };
		1EC352542BA1AE6100EF8BF6 /* RepositoryWatchers.json in Resources */ = {isa = PBXBuildFile; fileRef = 1EC352242BA1AE6100EF8BF6 /* RepositoryWatchers.json */; };
		1EC352552BA1AE6100EF8BF6 /* EventsOrganization.json in Resources */ = {isa = PBXBuildFile; fileRef = 1EC352252BA1AE6100EF8BF6 /* EventsOrganization.json */; };
		1EC352562BA1AE6100EF8BF6 /* CodetabsApi.swift in Sources */ = {isa = PBXBuildFile; fileRef = 1EC352262BA1AE6100EF8BF6 /* CodetabsApi.swift */; };
		1EC352572BA1AE6100EF8BF6 /* GitHubAPI.swift in Sources */ = {isa = PBXBuildFile; fileRef = 1EC352272BA1AE6100EF8BF6 /* GitHubAPI.swift */; };
		1EC352582BA1AE6100EF8BF6 /* Networking.swift in Sources */ = {isa = PBXBuildFile; fileRef = 1EC352282BA1AE6100EF8BF6 /* Networking.swift */; };
		1EC352592BA1AE6100EF8BF6 /* RestApi.swift in Sources */ = {isa = PBXBuildFile; fileRef = 1EC352292BA1AE6100EF8BF6 /* RestApi.swift */; };
		1EC3525A2BA1AE6100EF8BF6 /* ErrorResponse.swift in Sources */ = {isa = PBXBuildFile; fileRef = 1EC3522A2BA1AE6100EF8BF6 /* ErrorResponse.swift */; };
		1EC3525B2BA1AE6100EF8BF6 /* TrendingGithubAPI.swift in Sources */ = {isa = PBXBuildFile; fileRef = 1EC3522B2BA1AE6100EF8BF6 /* TrendingGithubAPI.swift */; };
		1EC3525F2BA1B07800EF8BF6 /* Icons.xcassets in Resources */ = {isa = PBXBuildFile; fileRef = 1EC3525E2BA1B07800EF8BF6 /* Icons.xcassets */; };
		1EF3654E2BA2909E00530209 /* HomeTabBarViewModel.swift in Sources */ = {isa = PBXBuildFile; fileRef = 1EF3654D2BA2909E00530209 /* HomeTabBarViewModel.swift */; };
		1EF365502BA29C7300530209 /* HomeTabBarController.swift in Sources */ = {isa = PBXBuildFile; fileRef = 1EF3654F2BA29C7300530209 /* HomeTabBarController.swift */; };
		1EF365522BA2A16300530209 /* R.generated.swift in Sources */ = {isa = PBXBuildFile; fileRef = 1EF365512BA2A16300530209 /* R.generated.swift */; };
		1EF365542BA2D91600530209 /* ViewController.swift in Sources */ = {isa = PBXBuildFile; fileRef = 1EF365532BA2D91600530209 /* ViewController.swift */; };
		1EF365562BA2DA5400530209 /* TableViewController.swift in Sources */ = {isa = PBXBuildFile; fileRef = 1EF365552BA2DA5400530209 /* TableViewController.swift */; };
		1EF365582BA2DAA700530209 /* TableView.swift in Sources */ = {isa = PBXBuildFile; fileRef = 1EF365572BA2DAA700530209 /* TableView.swift */; };
		1EF3655A2BA2DBB700530209 /* View.swift in Sources */ = {isa = PBXBuildFile; fileRef = 1EF365592BA2DBB700530209 /* View.swift */; };
		1EF3655C2BA2E0DA00530209 /* InitialSplitViewController.swift in Sources */ = {isa = PBXBuildFile; fileRef = 1EF3655B2BA2E0DA00530209 /* InitialSplitViewController.swift */; };
		1EF3655E2BA2FC7C00530209 /* LibsManager.swift in Sources */ = {isa = PBXBuildFile; fileRef = 1EF3655D2BA2FC7C00530209 /* LibsManager.swift */; };
		1EF365602BA2FEA400530209 /* Localizable.strings in Resources */ = {isa = PBXBuildFile; fileRef = 1EF3655F2BA2FEA400530209 /* Localizable.strings */; };
		1EF365622BA2FF0C00530209 /* SplitViewController.swift in Sources */ = {isa = PBXBuildFile; fileRef = 1EF365612BA2FF0C00530209 /* SplitViewController.swift */; };
		4F981E09F5CAEF841A6FCC28 /* Pods_YWHMovie.framework in Frameworks */ = {isa = PBXBuildFile; fileRef = A73A783E7C07BBAF44B78F28 /* Pods_YWHMovie.framework */; };
		65E4B4C3232F46AD25E0D049 /* Pods_YWHMovie_YWHMovieUITests.framework in Frameworks */ = {isa = PBXBuildFile; fileRef = F1A717FC0B36C20DB035EDCF /* Pods_YWHMovie_YWHMovieUITests.framework */; };
		89FE1F0A7B895A4BD7857C24 /* Pods_YWHMovieTests.framework in Frameworks */ = {isa = PBXBuildFile; fileRef = D572FAB4A259F927BF8FDEB1 /* Pods_YWHMovieTests.framework */; };
/* End PBXBuildFile section */

/* Begin PBXContainerItemProxy section */
		1EA42EA22BA15642003B104A /* PBXContainerItemProxy */ = {
			isa = PBXContainerItemProxy;
			containerPortal = 1EA42E832BA15641003B104A /* Project object */;
			proxyType = 1;
			remoteGlobalIDString = 1EA42E8A2BA15641003B104A;
			remoteInfo = YWHMovie;
		};
		1EA42EAC2BA15642003B104A /* PBXContainerItemProxy */ = {
			isa = PBXContainerItemProxy;
			containerPortal = 1EA42E832BA15641003B104A /* Project object */;
			proxyType = 1;
			remoteGlobalIDString = 1EA42E8A2BA15641003B104A;
			remoteInfo = YWHMovie;
		};
/* End PBXContainerItemProxy section */

/* Begin PBXFileReference section */
		13C16C6C4A68D60F499EAC57 /* Pods-YWHMovie-YWHMovieUITests.debug.xcconfig */ = {isa = PBXFileReference; includeInIndex = 1; lastKnownFileType = text.xcconfig; name = "Pods-YWHMovie-YWHMovieUITests.debug.xcconfig"; path = "Target Support Files/Pods-YWHMovie-YWHMovieUITests/Pods-YWHMovie-YWHMovieUITests.debug.xcconfig"; sourceTree = "<group>"; };
		1EA42E8B2BA15641003B104A /* YWHMovie.app */ = {isa = PBXFileReference; explicitFileType = wrapper.application; includeInIndex = 0; path = YWHMovie.app; sourceTree = BUILT_PRODUCTS_DIR; };
		1EA42E8E2BA15641003B104A /* AppDelegate.swift */ = {isa = PBXFileReference; lastKnownFileType = sourcecode.swift; path = AppDelegate.swift; sourceTree = "<group>"; };
		1EA42E902BA15641003B104A /* SceneDelegate.swift */ = {isa = PBXFileReference; lastKnownFileType = sourcecode.swift; path = SceneDelegate.swift; sourceTree = "<group>"; };
		1EA42E952BA15641003B104A /* Base */ = {isa = PBXFileReference; lastKnownFileType = file.storyboard; name = Base; path = Base.lproj/Main.storyboard; sourceTree = "<group>"; };
		1EA42E972BA15642003B104A /* Assets.xcassets */ = {isa = PBXFileReference; lastKnownFileType = folder.assetcatalog; path = Assets.xcassets; sourceTree = "<group>"; };
		1EA42E9A2BA15642003B104A /* Base */ = {isa = PBXFileReference; lastKnownFileType = file.storyboard; name = Base; path = Base.lproj/LaunchScreen.storyboard; sourceTree = "<group>"; };
		1EA42E9C2BA15642003B104A /* Info.plist */ = {isa = PBXFileReference; lastKnownFileType = text.plist.xml; path = Info.plist; sourceTree = "<group>"; };
		1EA42EA12BA15642003B104A /* YWHMovieTests.xctest */ = {isa = PBXFileReference; explicitFileType = wrapper.cfbundle; includeInIndex = 0; path = YWHMovieTests.xctest; sourceTree = BUILT_PRODUCTS_DIR; };
		1EA42EA52BA15642003B104A /* YWHMovieTests.swift */ = {isa = PBXFileReference; lastKnownFileType = sourcecode.swift; path = YWHMovieTests.swift; sourceTree = "<group>"; };
		1EA42EAB2BA15642003B104A /* YWHMovieUITests.xctest */ = {isa = PBXFileReference; explicitFileType = wrapper.cfbundle; includeInIndex = 0; path = YWHMovieUITests.xctest; sourceTree = BUILT_PRODUCTS_DIR; };
		1EA42EAF2BA15642003B104A /* YWHMovieUITests.swift */ = {isa = PBXFileReference; lastKnownFileType = sourcecode.swift; path = YWHMovieUITests.swift; sourceTree = "<group>"; };
		1EA42EB12BA15642003B104A /* YWHMovieUITestsLaunchTests.swift */ = {isa = PBXFileReference; lastKnownFileType = sourcecode.swift; path = YWHMovieUITestsLaunchTests.swift; sourceTree = "<group>"; };
		1EA42EC02BA15958003B104A /* ErrorTracker.swift */ = {isa = PBXFileReference; fileEncoding = 4; lastKnownFileType = sourcecode.swift; path = ErrorTracker.swift; sourceTree = "<group>"; };
		1EA42EC22BA15958003B104A /* ActivityIndicator.swift */ = {isa = PBXFileReference; fileEncoding = 4; lastKnownFileType = sourcecode.swift; path = ActivityIndicator.swift; sourceTree = "<group>"; };
		1EA42EC72BA18B9F003B104A /* UIImage+SwiftHub.swift */ = {isa = PBXFileReference; fileEncoding = 4; lastKnownFileType = sourcecode.swift; path = "UIImage+SwiftHub.swift"; sourceTree = "<group>"; };
		1EA42EC92BA18B9F003B104A /* UIColor+SwiftHub.swift */ = {isa = PBXFileReference; fileEncoding = 4; lastKnownFileType = sourcecode.swift; path = "UIColor+SwiftHub.swift"; sourceTree = "<group>"; };
		1EA42ECB2BA18B9F003B104A /* UIView+Borders.swift */ = {isa = PBXFileReference; fileEncoding = 4; lastKnownFileType = sourcecode.swift; path = "UIView+Borders.swift"; sourceTree = "<group>"; };
		1EA42ECC2BA18B9F003B104A /* UIView+SwiftHub.swift */ = {isa = PBXFileReference; fileEncoding = 4; lastKnownFileType = sourcecode.swift; path = "UIView+SwiftHub.swift"; sourceTree = "<group>"; };
		1EA42ECE2BA18B9F003B104A /* KafkaRefresh+Rx.swift */ = {isa = PBXFileReference; fileEncoding = 4; lastKnownFileType = sourcecode.swift; path = "KafkaRefresh+Rx.swift"; sourceTree = "<group>"; };
		1EA42ECF2BA18B9F003B104A /* Kingfisher+Rx.swift */ = {isa = PBXFileReference; fileEncoding = 4; lastKnownFileType = sourcecode.swift; path = "Kingfisher+Rx.swift"; sourceTree = "<group>"; };
		1EA42ED02BA18B9F003B104A /* Observable+Logging.swift */ = {isa = PBXFileReference; fileEncoding = 4; lastKnownFileType = sourcecode.swift; path = "Observable+Logging.swift"; sourceTree = "<group>"; };
		1EA42ED12BA18B9F003B104A /* Observable+Operators.swift */ = {isa = PBXFileReference; fileEncoding = 4; lastKnownFileType = sourcecode.swift; path = "Observable+Operators.swift"; sourceTree = "<group>"; };
		1EA42ED32BA18B9F003B104A /* UIFont+SwiftHub.swift */ = {isa = PBXFileReference; fileEncoding = 4; lastKnownFileType = sourcecode.swift; path = "UIFont+SwiftHub.swift"; sourceTree = "<group>"; };
		1EA42ED52BA18B9F003B104A /* Foundation+SwiftHub.swift */ = {isa = PBXFileReference; fileEncoding = 4; lastKnownFileType = sourcecode.swift; path = "Foundation+SwiftHub.swift"; sourceTree = "<group>"; };
		1EA42EE12BA18D4B003B104A /* Configs.swift */ = {isa = PBXFileReference; fileEncoding = 4; lastKnownFileType = sourcecode.swift; path = Configs.swift; sourceTree = "<group>"; };
		1EA42F002BA18EB0003B104A /* ThemeManager.swift */ = {isa = PBXFileReference; fileEncoding = 4; lastKnownFileType = sourcecode.swift; path = ThemeManager.swift; sourceTree = "<group>"; };
		1EA42F012BA18EB0003B104A /* Reachability.swift */ = {isa = PBXFileReference; fileEncoding = 4; lastKnownFileType = sourcecode.swift; path = Reachability.swift; sourceTree = "<group>"; };
		1EA42F032BA18EB0003B104A /* LogManager.swift */ = {isa = PBXFileReference; fileEncoding = 4; lastKnownFileType = sourcecode.swift; path = LogManager.swift; sourceTree = "<group>"; };
		1EA42F0F2BA1952E003B104A /* Application.swift */ = {isa = PBXFileReference; lastKnownFileType = sourcecode.swift; path = Application.swift; sourceTree = "<group>"; };
		1EA42F142BA198E0003B104A /* .swiftlint.yml */ = {isa = PBXFileReference; fileEncoding = 4; lastKnownFileType = text.yaml; path = .swiftlint.yml; sourceTree = "<group>"; };
		1EC3517E2BA1A59E00EF8BF6 /* Navigator.swift */ = {isa = PBXFileReference; lastKnownFileType = sourcecode.swift; path = Navigator.swift; sourceTree = "<group>"; };
		1EC351812BA1A9E800EF8BF6 /* NavigationController.swift */ = {isa = PBXFileReference; fileEncoding = 4; lastKnownFileType = sourcecode.swift; path = NavigationController.swift; sourceTree = "<group>"; };
		1EC351832BA1AAE700EF8BF6 /* ViewModelType.swift */ = {isa = PBXFileReference; fileEncoding = 4; lastKnownFileType = sourcecode.swift; path = ViewModelType.swift; sourceTree = "<group>"; };
		1EC3518F2BA1AB0900EF8BF6 /* Api.swift */ = {isa = PBXFileReference; fileEncoding = 4; lastKnownFileType = sourcecode.swift; path = Api.swift; sourceTree = "<group>"; };
		1EC351FC2BA1AE6100EF8BF6 /* RepositorySearch.json */ = {isa = PBXFileReference; fileEncoding = 4; lastKnownFileType = text.json; path = RepositorySearch.json; sourceTree = "<group>"; };
		1EC351FD2BA1AE6100EF8BF6 /* RepositoryTrendings.json */ = {isa = PBXFileReference; fileEncoding = 4; lastKnownFileType = text.json; path = RepositoryTrendings.json; sourceTree = "<group>"; };
		1EC351FE2BA1AE6100EF8BF6 /* RepositoryPullRequests.json */ = {isa = PBXFileReference; fileEncoding = 4; lastKnownFileType = text.json; path = RepositoryPullRequests.json; sourceTree = "<group>"; };
		1EC351FF2BA1AE6100EF8BF6 /* EventsRepository.json */ = {isa = PBXFileReference; fileEncoding = 4; lastKnownFileType = text.json; path = EventsRepository.json; sourceTree = "<group>"; };
		1EC352002BA1AE6100EF8BF6 /* Languages.json */ = {isa = PBXFileReference; fileEncoding = 4; lastKnownFileType = text.json; path = Languages.json; sourceTree = "<group>"; };
		1EC352012BA1AE6100EF8BF6 /* UserRepositories.json */ = {isa = PBXFileReference; fileEncoding = 4; lastKnownFileType = text.json; path = UserRepositories.json; sourceTree = "<group>"; };
		1EC352022BA1AE6100EF8BF6 /* RepositoryRelease.json */ = {isa = PBXFileReference; fileEncoding = 4; lastKnownFileType = text.json; path = RepositoryRelease.json; sourceTree = "<group>"; };
		1EC352032BA1AE6100EF8BF6 /* Events.json */ = {isa = PBXFileReference; fileEncoding = 4; lastKnownFileType = text.json; path = Events.json; sourceTree = "<group>"; };
		1EC352042BA1AE6100EF8BF6 /* RepositoryIssue.json */ = {isa = PBXFileReference; fileEncoding = 4; lastKnownFileType = text.json; path = RepositoryIssue.json; sourceTree = "<group>"; };
		1EC352052BA1AE6100EF8BF6 /* RepositoryBranch.json */ = {isa = PBXFileReference; fileEncoding = 4; lastKnownFileType = text.json; path = RepositoryBranch.json; sourceTree = "<group>"; };
		1EC352062BA1AE6100EF8BF6 /* RepositoryPullRequestComments.json */ = {isa = PBXFileReference; fileEncoding = 4; lastKnownFileType = text.json; path = RepositoryPullRequestComments.json; sourceTree = "<group>"; };
		1EC352072BA1AE6100EF8BF6 /* RepositoryContributors.json */ = {isa = PBXFileReference; fileEncoding = 4; lastKnownFileType = text.json; path = RepositoryContributors.json; sourceTree = "<group>"; };
		1EC352082BA1AE6100EF8BF6 /* Repository.json */ = {isa = PBXFileReference; fileEncoding = 4; lastKnownFileType = text.json; path = Repository.json; sourceTree = "<group>"; };
		1EC352092BA1AE6100EF8BF6 /* RepositoryStargazers.json */ = {isa = PBXFileReference; fileEncoding = 4; lastKnownFileType = text.json; path = RepositoryStargazers.json; sourceTree = "<group>"; };
		1EC3520A2BA1AE6100EF8BF6 /* UserTrendings.json */ = {isa = PBXFileReference; fileEncoding = 4; lastKnownFileType = text.json; path = UserTrendings.json; sourceTree = "<group>"; };
		1EC3520B2BA1AE6100EF8BF6 /* UserRepositoriesStarred.json */ = {isa = PBXFileReference; fileEncoding = 4; lastKnownFileType = text.json; path = UserRepositoriesStarred.json; sourceTree = "<group>"; };
		1EC3520C2BA1AE6100EF8BF6 /* EmptyArray.json */ = {isa = PBXFileReference; fileEncoding = 4; lastKnownFileType = text.json; path = EmptyArray.json; sourceTree = "<group>"; };
		1EC3520D2BA1AE6100EF8BF6 /* EventsUserReceived.json */ = {isa = PBXFileReference; fileEncoding = 4; lastKnownFileType = text.json; path = EventsUserReceived.json; sourceTree = "<group>"; };
		1EC3520E2BA1AE6100EF8BF6 /* UserRepositoriesWatching.json */ = {isa = PBXFileReference; fileEncoding = 4; lastKnownFileType = text.json; path = UserRepositoriesWatching.json; sourceTree = "<group>"; };
		1EC3520F2BA1AE6100EF8BF6 /* UserSearch.json */ = {isa = PBXFileReference; fileEncoding = 4; lastKnownFileType = text.json; path = UserSearch.json; sourceTree = "<group>"; };
		1EC352102BA1AE6100EF8BF6 /* UserFollowers.json */ = {isa = PBXFileReference; fileEncoding = 4; lastKnownFileType = text.json; path = UserFollowers.json; sourceTree = "<group>"; };
		1EC352112BA1AE6100EF8BF6 /* User.json */ = {isa = PBXFileReference; fileEncoding = 4; lastKnownFileType = text.json; path = User.json; sourceTree = "<group>"; };
		1EC352122BA1AE6100EF8BF6 /* EventsUserPerformed.json */ = {isa = PBXFileReference; fileEncoding = 4; lastKnownFileType = text.json; path = EventsUserPerformed.json; sourceTree = "<group>"; };
		1EC352132BA1AE6100EF8BF6 /* RepositoryIssues.json */ = {isa = PBXFileReference; fileEncoding = 4; lastKnownFileType = text.json; path = RepositoryIssues.json; sourceTree = "<group>"; };
		1EC352142BA1AE6100EF8BF6 /* Notifications.json */ = {isa = PBXFileReference; fileEncoding = 4; lastKnownFileType = text.json; path = Notifications.json; sourceTree = "<group>"; };
		1EC352152BA1AE6100EF8BF6 /* RepositoryNumberOfLines.json */ = {isa = PBXFileReference; fileEncoding = 4; lastKnownFileType = text.json; path = RepositoryNumberOfLines.json; sourceTree = "<group>"; };
		1EC352162BA1AE6100EF8BF6 /* RepositoryIssueComments.json */ = {isa = PBXFileReference; fileEncoding = 4; lastKnownFileType = text.json; path = RepositoryIssueComments.json; sourceTree = "<group>"; };
		1EC352172BA1AE6100EF8BF6 /* Organization.json */ = {isa = PBXFileReference; fileEncoding = 4; lastKnownFileType = text.json; path = Organization.json; sourceTree = "<group>"; };
		1EC352182BA1AE6100EF8BF6 /* RepositoryReadme.json */ = {isa = PBXFileReference; fileEncoding = 4; lastKnownFileType = text.json; path = RepositoryReadme.json; sourceTree = "<group>"; };
		1EC352192BA1AE6100EF8BF6 /* EmptyObject.json */ = {isa = PBXFileReference; fileEncoding = 4; lastKnownFileType = text.json; path = EmptyObject.json; sourceTree = "<group>"; };
		1EC3521A2BA1AE6100EF8BF6 /* RepositoryCommit.json */ = {isa = PBXFileReference; fileEncoding = 4; lastKnownFileType = text.json; path = RepositoryCommit.json; sourceTree = "<group>"; };
		1EC3521B2BA1AE6100EF8BF6 /* UserFollowing.json */ = {isa = PBXFileReference; fileEncoding = 4; lastKnownFileType = text.json; path = UserFollowing.json; sourceTree = "<group>"; };
		1EC3521C2BA1AE6100EF8BF6 /* RepositoryCommits.json */ = {isa = PBXFileReference; fileEncoding = 4; lastKnownFileType = text.json; path = RepositoryCommits.json; sourceTree = "<group>"; };
		1EC3521D2BA1AE6100EF8BF6 /* NotificationsRepository.json */ = {isa = PBXFileReference; fileEncoding = 4; lastKnownFileType = text.json; path = NotificationsRepository.json; sourceTree = "<group>"; };
		1EC3521E2BA1AE6100EF8BF6 /* RepositoryContents.json */ = {isa = PBXFileReference; fileEncoding = 4; lastKnownFileType = text.json; path = RepositoryContents.json; sourceTree = "<group>"; };
		1EC3521F2BA1AE6100EF8BF6 /* RepositoryForks.json */ = {isa = PBXFileReference; fileEncoding = 4; lastKnownFileType = text.json; path = RepositoryForks.json; sourceTree = "<group>"; };
		1EC352202BA1AE6100EF8BF6 /* RepositoryBranches.json */ = {isa = PBXFileReference; fileEncoding = 4; lastKnownFileType = text.json; path = RepositoryBranches.json; sourceTree = "<group>"; };
		1EC352212BA1AE6100EF8BF6 /* Profile.json */ = {isa = PBXFileReference; fileEncoding = 4; lastKnownFileType = text.json; path = Profile.json; sourceTree = "<group>"; };
		1EC352222BA1AE6100EF8BF6 /* RepositoryReleases.json */ = {isa = PBXFileReference; fileEncoding = 4; lastKnownFileType = text.json; path = RepositoryReleases.json; sourceTree = "<group>"; };
		1EC352232BA1AE6100EF8BF6 /* RepositoryPullRequest.json */ = {isa = PBXFileReference; fileEncoding = 4; lastKnownFileType = text.json; path = RepositoryPullRequest.json; sourceTree = "<group>"; };
		1EC352242BA1AE6100EF8BF6 /* RepositoryWatchers.json */ = {isa = PBXFileReference; fileEncoding = 4; lastKnownFileType = text.json; path = RepositoryWatchers.json; sourceTree = "<group>"; };
		1EC352252BA1AE6100EF8BF6 /* EventsOrganization.json */ = {isa = PBXFileReference; fileEncoding = 4; lastKnownFileType = text.json; path = EventsOrganization.json; sourceTree = "<group>"; };
		1EC352262BA1AE6100EF8BF6 /* CodetabsApi.swift */ = {isa = PBXFileReference; fileEncoding = 4; lastKnownFileType = sourcecode.swift; path = CodetabsApi.swift; sourceTree = "<group>"; };
		1EC352272BA1AE6100EF8BF6 /* GitHubAPI.swift */ = {isa = PBXFileReference; fileEncoding = 4; lastKnownFileType = sourcecode.swift; path = GitHubAPI.swift; sourceTree = "<group>"; };
		1EC352282BA1AE6100EF8BF6 /* Networking.swift */ = {isa = PBXFileReference; fileEncoding = 4; lastKnownFileType = sourcecode.swift; path = Networking.swift; sourceTree = "<group>"; };
		1EC352292BA1AE6100EF8BF6 /* RestApi.swift */ = {isa = PBXFileReference; fileEncoding = 4; lastKnownFileType = sourcecode.swift; path = RestApi.swift; sourceTree = "<group>"; };
		1EC3522A2BA1AE6100EF8BF6 /* ErrorResponse.swift */ = {isa = PBXFileReference; fileEncoding = 4; lastKnownFileType = sourcecode.swift; path = ErrorResponse.swift; sourceTree = "<group>"; };
		1EC3522B2BA1AE6100EF8BF6 /* TrendingGithubAPI.swift */ = {isa = PBXFileReference; fileEncoding = 4; lastKnownFileType = sourcecode.swift; path = TrendingGithubAPI.swift; sourceTree = "<group>"; };
		1EC3525E2BA1B07800EF8BF6 /* Icons.xcassets */ = {isa = PBXFileReference; lastKnownFileType = folder.assetcatalog; path = Icons.xcassets; sourceTree = "<group>"; };
		1EF3654D2BA2909E00530209 /* HomeTabBarViewModel.swift */ = {isa = PBXFileReference; lastKnownFileType = sourcecode.swift; path = HomeTabBarViewModel.swift; sourceTree = "<group>"; };
		1EF3654F2BA29C7300530209 /* HomeTabBarController.swift */ = {isa = PBXFileReference; lastKnownFileType = sourcecode.swift; path = HomeTabBarController.swift; sourceTree = "<group>"; };
		1EF365512BA2A16300530209 /* R.generated.swift */ = {isa = PBXFileReference; fileEncoding = 4; lastKnownFileType = sourcecode.swift; path = R.generated.swift; sourceTree = "<group>"; };
		1EF365532BA2D91600530209 /* ViewController.swift */ = {isa = PBXFileReference; lastKnownFileType = sourcecode.swift; path = ViewController.swift; sourceTree = "<group>"; };
		1EF365552BA2DA5400530209 /* TableViewController.swift */ = {isa = PBXFileReference; lastKnownFileType = sourcecode.swift; path = TableViewController.swift; sourceTree = "<group>"; };
		1EF365572BA2DAA700530209 /* TableView.swift */ = {isa = PBXFileReference; lastKnownFileType = sourcecode.swift; path = TableView.swift; sourceTree = "<group>"; };
		1EF365592BA2DBB700530209 /* View.swift */ = {isa = PBXFileReference; fileEncoding = 4; lastKnownFileType = sourcecode.swift; path = View.swift; sourceTree = "<group>"; };
		1EF3655B2BA2E0DA00530209 /* InitialSplitViewController.swift */ = {isa = PBXFileReference; lastKnownFileType = sourcecode.swift; path = InitialSplitViewController.swift; sourceTree = "<group>"; };
		1EF3655D2BA2FC7C00530209 /* LibsManager.swift */ = {isa = PBXFileReference; fileEncoding = 4; lastKnownFileType = sourcecode.swift; path = LibsManager.swift; sourceTree = "<group>"; };
		1EF3655F2BA2FEA400530209 /* Localizable.strings */ = {isa = PBXFileReference; fileEncoding = 4; lastKnownFileType = text.plist.strings; path = Localizable.strings; sourceTree = "<group>"; };
		1EF365612BA2FF0C00530209 /* SplitViewController.swift */ = {isa = PBXFileReference; fileEncoding = 4; lastKnownFileType = sourcecode.swift; path = SplitViewController.swift; sourceTree = "<group>"; };
		3EF2AD89C5F09DB80FC7BD3D /* Pods-YWHMovie-YWHMovieUITests.release.xcconfig */ = {isa = PBXFileReference; includeInIndex = 1; lastKnownFileType = text.xcconfig; name = "Pods-YWHMovie-YWHMovieUITests.release.xcconfig"; path = "Target Support Files/Pods-YWHMovie-YWHMovieUITests/Pods-YWHMovie-YWHMovieUITests.release.xcconfig"; sourceTree = "<group>"; };
		78920D673FA52817309150F1 /* Pods-YWHMovie.debug.xcconfig */ = {isa = PBXFileReference; includeInIndex = 1; lastKnownFileType = text.xcconfig; name = "Pods-YWHMovie.debug.xcconfig"; path = "Target Support Files/Pods-YWHMovie/Pods-YWHMovie.debug.xcconfig"; sourceTree = "<group>"; };
		A73A783E7C07BBAF44B78F28 /* Pods_YWHMovie.framework */ = {isa = PBXFileReference; explicitFileType = wrapper.framework; includeInIndex = 0; path = Pods_YWHMovie.framework; sourceTree = BUILT_PRODUCTS_DIR; };
		ABB91842BCBFD0D8A5A7EB22 /* Pods-YWHMovieTests.release.xcconfig */ = {isa = PBXFileReference; includeInIndex = 1; lastKnownFileType = text.xcconfig; name = "Pods-YWHMovieTests.release.xcconfig"; path = "Target Support Files/Pods-YWHMovieTests/Pods-YWHMovieTests.release.xcconfig"; sourceTree = "<group>"; };
		BE74C36802FC52A1E2439348 /* Pods-YWHMovie.release.xcconfig */ = {isa = PBXFileReference; includeInIndex = 1; lastKnownFileType = text.xcconfig; name = "Pods-YWHMovie.release.xcconfig"; path = "Target Support Files/Pods-YWHMovie/Pods-YWHMovie.release.xcconfig"; sourceTree = "<group>"; };
		D572FAB4A259F927BF8FDEB1 /* Pods_YWHMovieTests.framework */ = {isa = PBXFileReference; explicitFileType = wrapper.framework; includeInIndex = 0; path = Pods_YWHMovieTests.framework; sourceTree = BUILT_PRODUCTS_DIR; };
		D5C116AA5FC10A385944E33E /* Pods-YWHMovieTests.debug.xcconfig */ = {isa = PBXFileReference; includeInIndex = 1; lastKnownFileType = text.xcconfig; name = "Pods-YWHMovieTests.debug.xcconfig"; path = "Target Support Files/Pods-YWHMovieTests/Pods-YWHMovieTests.debug.xcconfig"; sourceTree = "<group>"; };
		F1A717FC0B36C20DB035EDCF /* Pods_YWHMovie_YWHMovieUITests.framework */ = {isa = PBXFileReference; explicitFileType = wrapper.framework; includeInIndex = 0; path = Pods_YWHMovie_YWHMovieUITests.framework; sourceTree = BUILT_PRODUCTS_DIR; };
/* End PBXFileReference section */

/* Begin PBXFrameworksBuildPhase section */
		1EA42E882BA15641003B104A /* Frameworks */ = {
			isa = PBXFrameworksBuildPhase;
			buildActionMask = 2147483647;
			files = (
				4F981E09F5CAEF841A6FCC28 /* Pods_YWHMovie.framework in Frameworks */,
			);
			runOnlyForDeploymentPostprocessing = 0;
		};
		1EA42E9E2BA15642003B104A /* Frameworks */ = {
			isa = PBXFrameworksBuildPhase;
			buildActionMask = 2147483647;
			files = (
				89FE1F0A7B895A4BD7857C24 /* Pods_YWHMovieTests.framework in Frameworks */,
			);
			runOnlyForDeploymentPostprocessing = 0;
		};
		1EA42EA82BA15642003B104A /* Frameworks */ = {
			isa = PBXFrameworksBuildPhase;
			buildActionMask = 2147483647;
			files = (
				65E4B4C3232F46AD25E0D049 /* Pods_YWHMovie_YWHMovieUITests.framework in Frameworks */,
			);
			runOnlyForDeploymentPostprocessing = 0;
		};
/* End PBXFrameworksBuildPhase section */

/* Begin PBXGroup section */
		1EA42E822BA15641003B104A = {
			isa = PBXGroup;
			children = (
				1EA42E8D2BA15641003B104A /* YWHMovie */,
				1EA42EA42BA15642003B104A /* YWHMovieTests */,
				1EA42EAE2BA15642003B104A /* YWHMovieUITests */,
				1EA42E8C2BA15641003B104A /* Products */,
				D2CF766F2D065962E860642A /* Pods */,
				4754494E0399B44950D2CBE0 /* Frameworks */,
			);
			sourceTree = "<group>";
		};
		1EA42E8C2BA15641003B104A /* Products */ = {
			isa = PBXGroup;
			children = (
				1EA42E8B2BA15641003B104A /* YWHMovie.app */,
				1EA42EA12BA15642003B104A /* YWHMovieTests.xctest */,
				1EA42EAB2BA15642003B104A /* YWHMovieUITests.xctest */,
			);
			name = Products;
			sourceTree = "<group>";
		};
		1EA42E8D2BA15641003B104A /* YWHMovie */ = {
			isa = PBXGroup;
			children = (
				1EF3654B2BA2908400530209 /* Modules */,
				1EC351852BA1AB0900EF8BF6 /* Networking */,
				1EC351802BA1A9D900EF8BF6 /* Common */,
				1EA42F0E2BA19500003B104A /* Application */,
				1EA42EFD2BA18EB0003B104A /* Managers */,
				1EA42EE02BA18D4B003B104A /* Configs */,
				1EA42EC52BA18B9F003B104A /* Extensions */,
				1EA42EBE2BA15958003B104A /* Third Party */,
				1EC3525D2BA1AF5800EF8BF6 /* Resources */,
				1EA42E9C2BA15642003B104A /* Info.plist */,
				1EA42E942BA15641003B104A /* Main.storyboard */,
				1EA42E992BA15642003B104A /* LaunchScreen.storyboard */,
			);
			path = YWHMovie;
			sourceTree = "<group>";
		};
		1EA42EA42BA15642003B104A /* YWHMovieTests */ = {
			isa = PBXGroup;
			children = (
				1EA42EA52BA15642003B104A /* YWHMovieTests.swift */,
			);
			path = YWHMovieTests;
			sourceTree = "<group>";
		};
		1EA42EAE2BA15642003B104A /* YWHMovieUITests */ = {
			isa = PBXGroup;
			children = (
				1EA42EAF2BA15642003B104A /* YWHMovieUITests.swift */,
				1EA42EB12BA15642003B104A /* YWHMovieUITestsLaunchTests.swift */,
			);
			path = YWHMovieUITests;
			sourceTree = "<group>";
		};
		1EA42EBE2BA15958003B104A /* Third Party */ = {
			isa = PBXGroup;
			children = (
				1EA42EBF2BA15958003B104A /* RxErrorTracker */,
				1EA42EC12BA15958003B104A /* RxActivityIndicator */,
			);
			path = "Third Party";
			sourceTree = "<group>";
		};
		1EA42EBF2BA15958003B104A /* RxErrorTracker */ = {
			isa = PBXGroup;
			children = (
				1EA42EC02BA15958003B104A /* ErrorTracker.swift */,
			);
			path = RxErrorTracker;
			sourceTree = "<group>";
		};
		1EA42EC12BA15958003B104A /* RxActivityIndicator */ = {
			isa = PBXGroup;
			children = (
				1EA42EC22BA15958003B104A /* ActivityIndicator.swift */,
			);
			path = RxActivityIndicator;
			sourceTree = "<group>";
		};
		1EA42EC52BA18B9F003B104A /* Extensions */ = {
			isa = PBXGroup;
			children = (
				1EA42EC62BA18B9F003B104A /* UIImage */,
				1EA42EC82BA18B9F003B104A /* UIColor */,
				1EA42ECA2BA18B9F003B104A /* UIView */,
				1EA42ECD2BA18B9F003B104A /* RxSwift */,
				1EA42ED22BA18B9F003B104A /* UIFont */,
				1EA42ED42BA18B9F003B104A /* Foundation */,
			);
			path = Extensions;
			sourceTree = "<group>";
		};
		1EA42EC62BA18B9F003B104A /* UIImage */ = {
			isa = PBXGroup;
			children = (
				1EA42EC72BA18B9F003B104A /* UIImage+SwiftHub.swift */,
			);
			path = UIImage;
			sourceTree = "<group>";
		};
		1EA42EC82BA18B9F003B104A /* UIColor */ = {
			isa = PBXGroup;
			children = (
				1EA42EC92BA18B9F003B104A /* UIColor+SwiftHub.swift */,
			);
			path = UIColor;
			sourceTree = "<group>";
		};
		1EA42ECA2BA18B9F003B104A /* UIView */ = {
			isa = PBXGroup;
			children = (
				1EA42ECB2BA18B9F003B104A /* UIView+Borders.swift */,
				1EA42ECC2BA18B9F003B104A /* UIView+SwiftHub.swift */,
			);
			path = UIView;
			sourceTree = "<group>";
		};
		1EA42ECD2BA18B9F003B104A /* RxSwift */ = {
			isa = PBXGroup;
			children = (
				1EA42ECE2BA18B9F003B104A /* KafkaRefresh+Rx.swift */,
				1EA42ECF2BA18B9F003B104A /* Kingfisher+Rx.swift */,
				1EA42ED02BA18B9F003B104A /* Observable+Logging.swift */,
				1EA42ED12BA18B9F003B104A /* Observable+Operators.swift */,
			);
			path = RxSwift;
			sourceTree = "<group>";
		};
		1EA42ED22BA18B9F003B104A /* UIFont */ = {
			isa = PBXGroup;
			children = (
				1EA42ED32BA18B9F003B104A /* UIFont+SwiftHub.swift */,
			);
			path = UIFont;
			sourceTree = "<group>";
		};
		1EA42ED42BA18B9F003B104A /* Foundation */ = {
			isa = PBXGroup;
			children = (
				1EA42ED52BA18B9F003B104A /* Foundation+SwiftHub.swift */,
			);
			path = Foundation;
			sourceTree = "<group>";
		};
		1EA42EE02BA18D4B003B104A /* Configs */ = {
			isa = PBXGroup;
			children = (
				1EA42F142BA198E0003B104A /* .swiftlint.yml */,
				1EA42EE12BA18D4B003B104A /* Configs.swift */,
			);
			path = Configs;
			sourceTree = "<group>";
		};
		1EA42EFD2BA18EB0003B104A /* Managers */ = {
			isa = PBXGroup;
			children = (
				1EF3655D2BA2FC7C00530209 /* LibsManager.swift */,
				1EA42F002BA18EB0003B104A /* ThemeManager.swift */,
				1EA42F012BA18EB0003B104A /* Reachability.swift */,
				1EA42F032BA18EB0003B104A /* LogManager.swift */,
			);
			path = Managers;
			sourceTree = "<group>";
		};
		1EA42F0E2BA19500003B104A /* Application */ = {
			isa = PBXGroup;
			children = (
				1EA42E8E2BA15641003B104A /* AppDelegate.swift */,
				1EA42E902BA15641003B104A /* SceneDelegate.swift */,
				1EA42F0F2BA1952E003B104A /* Application.swift */,
				1EC3517E2BA1A59E00EF8BF6 /* Navigator.swift */,
			);
			path = Application;
			sourceTree = "<group>";
		};
		1EC351802BA1A9D900EF8BF6 /* Common */ = {
			isa = PBXGroup;
			children = (
				1EF365612BA2FF0C00530209 /* SplitViewController.swift */,
				1EF365592BA2DBB700530209 /* View.swift */,
				1EC351832BA1AAE700EF8BF6 /* ViewModelType.swift */,
				1EC351812BA1A9E800EF8BF6 /* NavigationController.swift */,
				1EF365532BA2D91600530209 /* ViewController.swift */,
				1EF365552BA2DA5400530209 /* TableViewController.swift */,
				1EF365572BA2DAA700530209 /* TableView.swift */,
			);
			path = Common;
			sourceTree = "<group>";
		};
		1EC351852BA1AB0900EF8BF6 /* Networking */ = {
			isa = PBXGroup;
			children = (
				1EC351FA2BA1AE6100EF8BF6 /* Rest */,
				1EC3518F2BA1AB0900EF8BF6 /* Api.swift */,
			);
			path = Networking;
			sourceTree = "<group>";
		};
		1EC351FA2BA1AE6100EF8BF6 /* Rest */ = {
			isa = PBXGroup;
			children = (
				1EC351FB2BA1AE6100EF8BF6 /* Stubbed Responses */,
				1EC352262BA1AE6100EF8BF6 /* CodetabsApi.swift */,
				1EC352272BA1AE6100EF8BF6 /* GitHubAPI.swift */,
				1EC352282BA1AE6100EF8BF6 /* Networking.swift */,
				1EC352292BA1AE6100EF8BF6 /* RestApi.swift */,
				1EC3522A2BA1AE6100EF8BF6 /* ErrorResponse.swift */,
				1EC3522B2BA1AE6100EF8BF6 /* TrendingGithubAPI.swift */,
			);
			name = Rest;
			path = ../../../SwiftHub/SwiftHub/Networking/Rest;
			sourceTree = "<group>";
		};
		1EC351FB2BA1AE6100EF8BF6 /* Stubbed Responses */ = {
			isa = PBXGroup;
			children = (
				1EC351FC2BA1AE6100EF8BF6 /* RepositorySearch.json */,
				1EC351FD2BA1AE6100EF8BF6 /* RepositoryTrendings.json */,
				1EC351FE2BA1AE6100EF8BF6 /* RepositoryPullRequests.json */,
				1EC351FF2BA1AE6100EF8BF6 /* EventsRepository.json */,
				1EC352002BA1AE6100EF8BF6 /* Languages.json */,
				1EC352012BA1AE6100EF8BF6 /* UserRepositories.json */,
				1EC352022BA1AE6100EF8BF6 /* RepositoryRelease.json */,
				1EC352032BA1AE6100EF8BF6 /* Events.json */,
				1EC352042BA1AE6100EF8BF6 /* RepositoryIssue.json */,
				1EC352052BA1AE6100EF8BF6 /* RepositoryBranch.json */,
				1EC352062BA1AE6100EF8BF6 /* RepositoryPullRequestComments.json */,
				1EC352072BA1AE6100EF8BF6 /* RepositoryContributors.json */,
				1EC352082BA1AE6100EF8BF6 /* Repository.json */,
				1EC352092BA1AE6100EF8BF6 /* RepositoryStargazers.json */,
				1EC3520A2BA1AE6100EF8BF6 /* UserTrendings.json */,
				1EC3520B2BA1AE6100EF8BF6 /* UserRepositoriesStarred.json */,
				1EC3520C2BA1AE6100EF8BF6 /* EmptyArray.json */,
				1EC3520D2BA1AE6100EF8BF6 /* EventsUserReceived.json */,
				1EC3520E2BA1AE6100EF8BF6 /* UserRepositoriesWatching.json */,
				1EC3520F2BA1AE6100EF8BF6 /* UserSearch.json */,
				1EC352102BA1AE6100EF8BF6 /* UserFollowers.json */,
				1EC352112BA1AE6100EF8BF6 /* User.json */,
				1EC352122BA1AE6100EF8BF6 /* EventsUserPerformed.json */,
				1EC352132BA1AE6100EF8BF6 /* RepositoryIssues.json */,
				1EC352142BA1AE6100EF8BF6 /* Notifications.json */,
				1EC352152BA1AE6100EF8BF6 /* RepositoryNumberOfLines.json */,
				1EC352162BA1AE6100EF8BF6 /* RepositoryIssueComments.json */,
				1EC352172BA1AE6100EF8BF6 /* Organization.json */,
				1EC352182BA1AE6100EF8BF6 /* RepositoryReadme.json */,
				1EC352192BA1AE6100EF8BF6 /* EmptyObject.json */,
				1EC3521A2BA1AE6100EF8BF6 /* RepositoryCommit.json */,
				1EC3521B2BA1AE6100EF8BF6 /* UserFollowing.json */,
				1EC3521C2BA1AE6100EF8BF6 /* RepositoryCommits.json */,
				1EC3521D2BA1AE6100EF8BF6 /* NotificationsRepository.json */,
				1EC3521E2BA1AE6100EF8BF6 /* RepositoryContents.json */,
				1EC3521F2BA1AE6100EF8BF6 /* RepositoryForks.json */,
				1EC352202BA1AE6100EF8BF6 /* RepositoryBranches.json */,
				1EC352212BA1AE6100EF8BF6 /* Profile.json */,
				1EC352222BA1AE6100EF8BF6 /* RepositoryReleases.json */,
				1EC352232BA1AE6100EF8BF6 /* RepositoryPullRequest.json */,
				1EC352242BA1AE6100EF8BF6 /* RepositoryWatchers.json */,
				1EC352252BA1AE6100EF8BF6 /* EventsOrganization.json */,
			);
			path = "Stubbed Responses";
			sourceTree = "<group>";
		};
		1EC3525D2BA1AF5800EF8BF6 /* Resources */ = {
			isa = PBXGroup;
			children = (
				1EF3655F2BA2FEA400530209 /* Localizable.strings */,
				1EF365512BA2A16300530209 /* R.generated.swift */,
				1EC3525E2BA1B07800EF8BF6 /* Icons.xcassets */,
				1EA42E972BA15642003B104A /* Assets.xcassets */,
			);
			path = Resources;
			sourceTree = "<group>";
		};
		1EF3654B2BA2908400530209 /* Modules */ = {
			isa = PBXGroup;
			children = (
				1EF3654C2BA2908E00530209 /* Main */,
			);
			path = Modules;
			sourceTree = "<group>";
		};
		1EF3654C2BA2908E00530209 /* Main */ = {
			isa = PBXGroup;
			children = (
				1EF3654D2BA2909E00530209 /* HomeTabBarViewModel.swift */,
				1EF3654F2BA29C7300530209 /* HomeTabBarController.swift */,
				1EF3655B2BA2E0DA00530209 /* InitialSplitViewController.swift */,
			);
			path = Main;
			sourceTree = "<group>";
		};
		4754494E0399B44950D2CBE0 /* Frameworks */ = {
			isa = PBXGroup;
			children = (
				A73A783E7C07BBAF44B78F28 /* Pods_YWHMovie.framework */,
				F1A717FC0B36C20DB035EDCF /* Pods_YWHMovie_YWHMovieUITests.framework */,
				D572FAB4A259F927BF8FDEB1 /* Pods_YWHMovieTests.framework */,
			);
			name = Frameworks;
			sourceTree = "<group>";
		};
		D2CF766F2D065962E860642A /* Pods */ = {
			isa = PBXGroup;
			children = (
				78920D673FA52817309150F1 /* Pods-YWHMovie.debug.xcconfig */,
				BE74C36802FC52A1E2439348 /* Pods-YWHMovie.release.xcconfig */,
				13C16C6C4A68D60F499EAC57 /* Pods-YWHMovie-YWHMovieUITests.debug.xcconfig */,
				3EF2AD89C5F09DB80FC7BD3D /* Pods-YWHMovie-YWHMovieUITests.release.xcconfig */,
				D5C116AA5FC10A385944E33E /* Pods-YWHMovieTests.debug.xcconfig */,
				ABB91842BCBFD0D8A5A7EB22 /* Pods-YWHMovieTests.release.xcconfig */,
			);
			path = Pods;
			sourceTree = "<group>";
		};
/* End PBXGroup section */

/* Begin PBXNativeTarget section */
		1EA42E8A2BA15641003B104A /* YWHMovie */ = {
			isa = PBXNativeTarget;
			buildConfigurationList = 1EA42EB52BA15642003B104A /* Build configuration list for PBXNativeTarget "YWHMovie" */;
			buildPhases = (
				AF77086A2F4C1DED2205AADF /* [CP] Check Pods Manifest.lock */,
				1EC3525C2BA1AEDE00EF8BF6 /* R.swift */,
				1EA42F132BA1983E003B104A /* SwiftLint */,
				1EA42E872BA15641003B104A /* Sources */,
				1EA42E882BA15641003B104A /* Frameworks */,
				1EA42E892BA15641003B104A /* Resources */,
				031B65678F37C3C80AB1A200 /* [CP] Embed Pods Frameworks */,
			);
			buildRules = (
			);
			dependencies = (
			);
			name = YWHMovie;
			productName = YWHMovie;
			productReference = 1EA42E8B2BA15641003B104A /* YWHMovie.app */;
			productType = "com.apple.product-type.application";
		};
		1EA42EA02BA15642003B104A /* YWHMovieTests */ = {
			isa = PBXNativeTarget;
			buildConfigurationList = 1EA42EB82BA15642003B104A /* Build configuration list for PBXNativeTarget "YWHMovieTests" */;
			buildPhases = (
				FDE742AB71F1EB93F3D031A5 /* [CP] Check Pods Manifest.lock */,
				1EA42E9D2BA15642003B104A /* Sources */,
				1EA42E9E2BA15642003B104A /* Frameworks */,
				1EA42E9F2BA15642003B104A /* Resources */,
			);
			buildRules = (
			);
			dependencies = (
				1EA42EA32BA15642003B104A /* PBXTargetDependency */,
			);
			name = YWHMovieTests;
			productName = YWHMovieTests;
			productReference = 1EA42EA12BA15642003B104A /* YWHMovieTests.xctest */;
			productType = "com.apple.product-type.bundle.unit-test";
		};
		1EA42EAA2BA15642003B104A /* YWHMovieUITests */ = {
			isa = PBXNativeTarget;
			buildConfigurationList = 1EA42EBB2BA15642003B104A /* Build configuration list for PBXNativeTarget "YWHMovieUITests" */;
			buildPhases = (
				4E6651BBFF3CB0349FC52D4A /* [CP] Check Pods Manifest.lock */,
				1EA42EA72BA15642003B104A /* Sources */,
				1EA42EA82BA15642003B104A /* Frameworks */,
				1EA42EA92BA15642003B104A /* Resources */,
				8D7F6C6F48184F07CEDAF5C2 /* [CP] Embed Pods Frameworks */,
			);
			buildRules = (
			);
			dependencies = (
				1EA42EAD2BA15642003B104A /* PBXTargetDependency */,
			);
			name = YWHMovieUITests;
			productName = YWHMovieUITests;
			productReference = 1EA42EAB2BA15642003B104A /* YWHMovieUITests.xctest */;
			productType = "com.apple.product-type.bundle.ui-testing";
		};
/* End PBXNativeTarget section */

/* Begin PBXProject section */
		1EA42E832BA15641003B104A /* Project object */ = {
			isa = PBXProject;
			attributes = {
				BuildIndependentTargetsInParallel = 1;
				LastSwiftUpdateCheck = 1520;
				LastUpgradeCheck = 1520;
				TargetAttributes = {
					1EA42E8A2BA15641003B104A = {
						CreatedOnToolsVersion = 15.2;
					};
					1EA42EA02BA15642003B104A = {
						CreatedOnToolsVersion = 15.2;
						TestTargetID = 1EA42E8A2BA15641003B104A;
					};
					1EA42EAA2BA15642003B104A = {
						CreatedOnToolsVersion = 15.2;
						TestTargetID = 1EA42E8A2BA15641003B104A;
					};
				};
			};
			buildConfigurationList = 1EA42E862BA15641003B104A /* Build configuration list for PBXProject "YWHMovie" */;
			compatibilityVersion = "Xcode 14.0";
			developmentRegion = en;
			hasScannedForEncodings = 0;
			knownRegions = (
				en,
				Base,
			);
			mainGroup = 1EA42E822BA15641003B104A;
			productRefGroup = 1EA42E8C2BA15641003B104A /* Products */;
			projectDirPath = "";
			projectRoot = "";
			targets = (
				1EA42E8A2BA15641003B104A /* YWHMovie */,
				1EA42EA02BA15642003B104A /* YWHMovieTests */,
				1EA42EAA2BA15642003B104A /* YWHMovieUITests */,
			);
		};
/* End PBXProject section */

/* Begin PBXResourcesBuildPhase section */
		1EA42E892BA15641003B104A /* Resources */ = {
			isa = PBXResourcesBuildPhase;
			buildActionMask = 2147483647;
			files = (
				1EC3523B2BA1AE6100EF8BF6 /* UserRepositoriesStarred.json in Resources */,
				1EC352432BA1AE6100EF8BF6 /* RepositoryIssues.json in Resources */,
				1EC3524E2BA1AE6100EF8BF6 /* RepositoryContents.json in Resources */,
				1EC3524B2BA1AE6100EF8BF6 /* UserFollowing.json in Resources */,
				1EC352312BA1AE6100EF8BF6 /* UserRepositories.json in Resources */,
				1EC352412BA1AE6100EF8BF6 /* User.json in Resources */,
				1EC352372BA1AE6100EF8BF6 /* RepositoryContributors.json in Resources */,
				1EC3524A2BA1AE6100EF8BF6 /* RepositoryCommit.json in Resources */,
				1EC3522E2BA1AE6100EF8BF6 /* RepositoryPullRequests.json in Resources */,
				1EC3524F2BA1AE6100EF8BF6 /* RepositoryForks.json in Resources */,
				1EC352402BA1AE6100EF8BF6 /* UserFollowers.json in Resources */,
				1EC352512BA1AE6100EF8BF6 /* Profile.json in Resources */,
				1EC3523F2BA1AE6100EF8BF6 /* UserSearch.json in Resources */,
				1EF365602BA2FEA400530209 /* Localizable.strings in Resources */,
				1EC352502BA1AE6100EF8BF6 /* RepositoryBranches.json in Resources */,
				1EC352492BA1AE6100EF8BF6 /* EmptyObject.json in Resources */,
				1EC352482BA1AE6100EF8BF6 /* RepositoryReadme.json in Resources */,
				1EC352442BA1AE6100EF8BF6 /* Notifications.json in Resources */,
				1EC3523A2BA1AE6100EF8BF6 /* UserTrendings.json in Resources */,
				1EC352322BA1AE6100EF8BF6 /* RepositoryRelease.json in Resources */,
				1EC3522D2BA1AE6100EF8BF6 /* RepositoryTrendings.json in Resources */,
				1EC352532BA1AE6100EF8BF6 /* RepositoryPullRequest.json in Resources */,
				1EC352332BA1AE6100EF8BF6 /* Events.json in Resources */,
				1EC352352BA1AE6100EF8BF6 /* RepositoryBranch.json in Resources */,
				1EC3524D2BA1AE6100EF8BF6 /* NotificationsRepository.json in Resources */,
				1EC352472BA1AE6100EF8BF6 /* Organization.json in Resources */,
				1EC3522F2BA1AE6100EF8BF6 /* EventsRepository.json in Resources */,
				1EC352382BA1AE6100EF8BF6 /* Repository.json in Resources */,
				1EC352392BA1AE6100EF8BF6 /* RepositoryStargazers.json in Resources */,
				1EC352462BA1AE6100EF8BF6 /* RepositoryIssueComments.json in Resources */,
				1EC352522BA1AE6100EF8BF6 /* RepositoryReleases.json in Resources */,
				1EC352452BA1AE6100EF8BF6 /* RepositoryNumberOfLines.json in Resources */,
				1EA42F152BA198E0003B104A /* .swiftlint.yml in Resources */,
				1EC3523E2BA1AE6100EF8BF6 /* UserRepositoriesWatching.json in Resources */,
				1EC352342BA1AE6100EF8BF6 /* RepositoryIssue.json in Resources */,
				1EC352542BA1AE6100EF8BF6 /* RepositoryWatchers.json in Resources */,
				1EC352362BA1AE6100EF8BF6 /* RepositoryPullRequestComments.json in Resources */,
				1EC352302BA1AE6100EF8BF6 /* Languages.json in Resources */,
				1EC3523D2BA1AE6100EF8BF6 /* EventsUserReceived.json in Resources */,
				1EC3525F2BA1B07800EF8BF6 /* Icons.xcassets in Resources */,
				1EC3523C2BA1AE6100EF8BF6 /* EmptyArray.json in Resources */,
				1EC352552BA1AE6100EF8BF6 /* EventsOrganization.json in Resources */,
				1EC3522C2BA1AE6100EF8BF6 /* RepositorySearch.json in Resources */,
				1EC3524C2BA1AE6100EF8BF6 /* RepositoryCommits.json in Resources */,
				1EA42E9B2BA15642003B104A /* LaunchScreen.storyboard in Resources */,
				1EA42E982BA15642003B104A /* Assets.xcassets in Resources */,
				1EC352422BA1AE6100EF8BF6 /* EventsUserPerformed.json in Resources */,
				1EA42E962BA15641003B104A /* Main.storyboard in Resources */,
			);
			runOnlyForDeploymentPostprocessing = 0;
		};
		1EA42E9F2BA15642003B104A /* Resources */ = {
			isa = PBXResourcesBuildPhase;
			buildActionMask = 2147483647;
			files = (
			);
			runOnlyForDeploymentPostprocessing = 0;
		};
		1EA42EA92BA15642003B104A /* Resources */ = {
			isa = PBXResourcesBuildPhase;
			buildActionMask = 2147483647;
			files = (
			);
			runOnlyForDeploymentPostprocessing = 0;
		};
/* End PBXResourcesBuildPhase section */

/* Begin PBXShellScriptBuildPhase section */
		031B65678F37C3C80AB1A200 /* [CP] Embed Pods Frameworks */ = {
			isa = PBXShellScriptBuildPhase;
			buildActionMask = 2147483647;
			files = (
			);
			inputFileListPaths = (
				"${PODS_ROOT}/Target Support Files/Pods-YWHMovie/Pods-YWHMovie-frameworks-${CONFIGURATION}-input-files.xcfilelist",
			);
			name = "[CP] Embed Pods Frameworks";
			outputFileListPaths = (
				"${PODS_ROOT}/Target Support Files/Pods-YWHMovie/Pods-YWHMovie-frameworks-${CONFIGURATION}-output-files.xcfilelist",
			);
			runOnlyForDeploymentPostprocessing = 0;
			shellPath = /bin/sh;
			shellScript = "\"${PODS_ROOT}/Target Support Files/Pods-YWHMovie/Pods-YWHMovie-frameworks.sh\"\n";
			showEnvVarsInLog = 0;
		};
		1EA42F132BA1983E003B104A /* SwiftLint */ = {
			isa = PBXShellScriptBuildPhase;
			buildActionMask = 2147483647;
			files = (
			);
			inputFileListPaths = (
			);
			inputPaths = (
			);
			name = SwiftLint;
			outputFileListPaths = (
			);
			outputPaths = (
			);
			runOnlyForDeploymentPostprocessing = 0;
			shellPath = /bin/sh;
			shellScript = "\"${PODS_ROOT}/SwiftLint/swiftlint\"\n";
		};
		1EC3525C2BA1AEDE00EF8BF6 /* R.swift */ = {
			isa = PBXShellScriptBuildPhase;
			alwaysOutOfDate = 1;
			buildActionMask = 2147483647;
			files = (
			);
			inputFileListPaths = (
			);
			inputPaths = (
			);
			name = R.swift;
			outputFileListPaths = (
			);
			outputPaths = (
				$SRCROOT/YWHMovie/Resources/R.generated.swift,
			);
			runOnlyForDeploymentPostprocessing = 0;
			shellPath = /bin/sh;
			shellScript = "\"$PODS_ROOT/R.swift/rswift\" generate \"$SRCROOT/YWHMovie/Resources/R.generated.swift\"\n\n";
		};
		4E6651BBFF3CB0349FC52D4A /* [CP] Check Pods Manifest.lock */ = {
			isa = PBXShellScriptBuildPhase;
			buildActionMask = 2147483647;
			files = (
			);
			inputFileListPaths = (
			);
			inputPaths = (
				"${PODS_PODFILE_DIR_PATH}/Podfile.lock",
				"${PODS_ROOT}/Manifest.lock",
			);
			name = "[CP] Check Pods Manifest.lock";
			outputFileListPaths = (
			);
			outputPaths = (
				"$(DERIVED_FILE_DIR)/Pods-YWHMovie-YWHMovieUITests-checkManifestLockResult.txt",
			);
			runOnlyForDeploymentPostprocessing = 0;
			shellPath = /bin/sh;
			shellScript = "diff \"${PODS_PODFILE_DIR_PATH}/Podfile.lock\" \"${PODS_ROOT}/Manifest.lock\" > /dev/null\nif [ $? != 0 ] ; then\n    # print error to STDERR\n    echo \"error: The sandbox is not in sync with the Podfile.lock. Run 'pod install' or update your CocoaPods installation.\" >&2\n    exit 1\nfi\n# This output is used by Xcode 'outputs' to avoid re-running this script phase.\necho \"SUCCESS\" > \"${SCRIPT_OUTPUT_FILE_0}\"\n";
			showEnvVarsInLog = 0;
		};
		8D7F6C6F48184F07CEDAF5C2 /* [CP] Embed Pods Frameworks */ = {
			isa = PBXShellScriptBuildPhase;
			buildActionMask = 2147483647;
			files = (
			);
			inputFileListPaths = (
				"${PODS_ROOT}/Target Support Files/Pods-YWHMovie-YWHMovieUITests/Pods-YWHMovie-YWHMovieUITests-frameworks-${CONFIGURATION}-input-files.xcfilelist",
			);
			name = "[CP] Embed Pods Frameworks";
			outputFileListPaths = (
				"${PODS_ROOT}/Target Support Files/Pods-YWHMovie-YWHMovieUITests/Pods-YWHMovie-YWHMovieUITests-frameworks-${CONFIGURATION}-output-files.xcfilelist",
			);
			runOnlyForDeploymentPostprocessing = 0;
			shellPath = /bin/sh;
			shellScript = "\"${PODS_ROOT}/Target Support Files/Pods-YWHMovie-YWHMovieUITests/Pods-YWHMovie-YWHMovieUITests-frameworks.sh\"\n";
			showEnvVarsInLog = 0;
		};
		AF77086A2F4C1DED2205AADF /* [CP] Check Pods Manifest.lock */ = {
			isa = PBXShellScriptBuildPhase;
			buildActionMask = 2147483647;
			files = (
			);
			inputFileListPaths = (
			);
			inputPaths = (
				"${PODS_PODFILE_DIR_PATH}/Podfile.lock",
				"${PODS_ROOT}/Manifest.lock",
			);
			name = "[CP] Check Pods Manifest.lock";
			outputFileListPaths = (
			);
			outputPaths = (
				"$(DERIVED_FILE_DIR)/Pods-YWHMovie-checkManifestLockResult.txt",
			);
			runOnlyForDeploymentPostprocessing = 0;
			shellPath = /bin/sh;
			shellScript = "diff \"${PODS_PODFILE_DIR_PATH}/Podfile.lock\" \"${PODS_ROOT}/Manifest.lock\" > /dev/null\nif [ $? != 0 ] ; then\n    # print error to STDERR\n    echo \"error: The sandbox is not in sync with the Podfile.lock. Run 'pod install' or update your CocoaPods installation.\" >&2\n    exit 1\nfi\n# This output is used by Xcode 'outputs' to avoid re-running this script phase.\necho \"SUCCESS\" > \"${SCRIPT_OUTPUT_FILE_0}\"\n";
			showEnvVarsInLog = 0;
		};
		FDE742AB71F1EB93F3D031A5 /* [CP] Check Pods Manifest.lock */ = {
			isa = PBXShellScriptBuildPhase;
			buildActionMask = 2147483647;
			files = (
			);
			inputFileListPaths = (
			);
			inputPaths = (
				"${PODS_PODFILE_DIR_PATH}/Podfile.lock",
				"${PODS_ROOT}/Manifest.lock",
			);
			name = "[CP] Check Pods Manifest.lock";
			outputFileListPaths = (
			);
			outputPaths = (
				"$(DERIVED_FILE_DIR)/Pods-YWHMovieTests-checkManifestLockResult.txt",
			);
			runOnlyForDeploymentPostprocessing = 0;
			shellPath = /bin/sh;
			shellScript = "diff \"${PODS_PODFILE_DIR_PATH}/Podfile.lock\" \"${PODS_ROOT}/Manifest.lock\" > /dev/null\nif [ $? != 0 ] ; then\n    # print error to STDERR\n    echo \"error: The sandbox is not in sync with the Podfile.lock. Run 'pod install' or update your CocoaPods installation.\" >&2\n    exit 1\nfi\n# This output is used by Xcode 'outputs' to avoid re-running this script phase.\necho \"SUCCESS\" > \"${SCRIPT_OUTPUT_FILE_0}\"\n";
			showEnvVarsInLog = 0;
		};
/* End PBXShellScriptBuildPhase section */

/* Begin PBXSourcesBuildPhase section */
		1EA42E872BA15641003B104A /* Sources */ = {
			isa = PBXSourcesBuildPhase;
			buildActionMask = 2147483647;
			files = (
				1EA42F102BA1952E003B104A /* Application.swift in Sources */,
				1EA42EDB2BA18B9F003B104A /* Kingfisher+Rx.swift in Sources */,
				1EF365502BA29C7300530209 /* HomeTabBarController.swift in Sources */,
				1EA42EFC2BA18D4B003B104A /* Configs.swift in Sources */,
				1EC352582BA1AE6100EF8BF6 /* Networking.swift in Sources */,
				1EA42EC42BA15958003B104A /* ActivityIndicator.swift in Sources */,
				1EA42ED72BA18B9F003B104A /* UIColor+SwiftHub.swift in Sources */,
				1EA42E8F2BA15641003B104A /* AppDelegate.swift in Sources */,
				1EF3655C2BA2E0DA00530209 /* InitialSplitViewController.swift in Sources */,
				1EA42EDF2BA18B9F003B104A /* Foundation+SwiftHub.swift in Sources */,
				1EC352562BA1AE6100EF8BF6 /* CodetabsApi.swift in Sources */,
				1EF3655E2BA2FC7C00530209 /* LibsManager.swift in Sources */,
				1EA42ED82BA18B9F003B104A /* UIView+Borders.swift in Sources */,
				1EC351C92BA1AB0900EF8BF6 /* Api.swift in Sources */,
				1EA42EDE2BA18B9F003B104A /* UIFont+SwiftHub.swift in Sources */,
				1EA42EDC2BA18B9F003B104A /* Observable+Logging.swift in Sources */,
				1EC351842BA1AAE700EF8BF6 /* ViewModelType.swift in Sources */,
				1EC351822BA1A9E800EF8BF6 /* NavigationController.swift in Sources */,
				1EC3525A2BA1AE6100EF8BF6 /* ErrorResponse.swift in Sources */,
				1EA42F0B2BA18EB0003B104A /* LogManager.swift in Sources */,
				1EA42EDD2BA18B9F003B104A /* Observable+Operators.swift in Sources */,
				1EF365562BA2DA5400530209 /* TableViewController.swift in Sources */,
				1EF365522BA2A16300530209 /* R.generated.swift in Sources */,
				1EC352572BA1AE6100EF8BF6 /* GitHubAPI.swift in Sources */,
				1EF3654E2BA2909E00530209 /* HomeTabBarViewModel.swift in Sources */,
				1EC3525B2BA1AE6100EF8BF6 /* TrendingGithubAPI.swift in Sources */,
				1EA42E912BA15641003B104A /* SceneDelegate.swift in Sources */,
				1EC3517F2BA1A59E00EF8BF6 /* Navigator.swift in Sources */,
				1EF365542BA2D91600530209 /* ViewController.swift in Sources */,
				1EA42EC32BA15958003B104A /* ErrorTracker.swift in Sources */,
				1EA42F082BA18EB0003B104A /* ThemeManager.swift in Sources */,
				1EA42ED92BA18B9F003B104A /* UIView+SwiftHub.swift in Sources */,
				1EC352592BA1AE6100EF8BF6 /* RestApi.swift in Sources */,
				1EF365582BA2DAA700530209 /* TableView.swift in Sources */,
				1EF3655A2BA2DBB700530209 /* View.swift in Sources */,
				1EF365622BA2FF0C00530209 /* SplitViewController.swift in Sources */,
				1EA42EDA2BA18B9F003B104A /* KafkaRefresh+Rx.swift in Sources */,
				1EA42F092BA18EB0003B104A /* Reachability.swift in Sources */,
				1EA42ED62BA18B9F003B104A /* UIImage+SwiftHub.swift in Sources */,
			);
			runOnlyForDeploymentPostprocessing = 0;
		};
		1EA42E9D2BA15642003B104A /* Sources */ = {
			isa = PBXSourcesBuildPhase;
			buildActionMask = 2147483647;
			files = (
				1EA42EA62BA15642003B104A /* YWHMovieTests.swift in Sources */,
			);
			runOnlyForDeploymentPostprocessing = 0;
		};
		1EA42EA72BA15642003B104A /* Sources */ = {
			isa = PBXSourcesBuildPhase;
			buildActionMask = 2147483647;
			files = (
				1EA42EB22BA15642003B104A /* YWHMovieUITestsLaunchTests.swift in Sources */,
				1EA42EB02BA15642003B104A /* YWHMovieUITests.swift in Sources */,
			);
			runOnlyForDeploymentPostprocessing = 0;
		};
/* End PBXSourcesBuildPhase section */

/* Begin PBXTargetDependency section */
		1EA42EA32BA15642003B104A /* PBXTargetDependency */ = {
			isa = PBXTargetDependency;
			target = 1EA42E8A2BA15641003B104A /* YWHMovie */;
			targetProxy = 1EA42EA22BA15642003B104A /* PBXContainerItemProxy */;
		};
		1EA42EAD2BA15642003B104A /* PBXTargetDependency */ = {
			isa = PBXTargetDependency;
			target = 1EA42E8A2BA15641003B104A /* YWHMovie */;
			targetProxy = 1EA42EAC2BA15642003B104A /* PBXContainerItemProxy */;
		};
/* End PBXTargetDependency section */

/* Begin PBXVariantGroup section */
		1EA42E942BA15641003B104A /* Main.storyboard */ = {
			isa = PBXVariantGroup;
			children = (
				1EA42E952BA15641003B104A /* Base */,
			);
			name = Main.storyboard;
			sourceTree = "<group>";
		};
		1EA42E992BA15642003B104A /* LaunchScreen.storyboard */ = {
			isa = PBXVariantGroup;
			children = (
				1EA42E9A2BA15642003B104A /* Base */,
			);
			name = LaunchScreen.storyboard;
			sourceTree = "<group>";
		};
/* End PBXVariantGroup section */

/* Begin XCBuildConfiguration section */
		1EA42EB32BA15642003B104A /* Debug */ = {
			isa = XCBuildConfiguration;
			buildSettings = {
				ALWAYS_SEARCH_USER_PATHS = NO;
				ASSETCATALOG_COMPILER_GENERATE_SWIFT_ASSET_SYMBOL_EXTENSIONS = YES;
				CLANG_ANALYZER_NONNULL = YES;
				CLANG_ANALYZER_NUMBER_OBJECT_CONVERSION = YES_AGGRESSIVE;
				CLANG_CXX_LANGUAGE_STANDARD = "gnu++20";
				CLANG_ENABLE_MODULES = YES;
				CLANG_ENABLE_OBJC_ARC = YES;
				CLANG_ENABLE_OBJC_WEAK = YES;
				CLANG_WARN_BLOCK_CAPTURE_AUTORELEASING = YES;
				CLANG_WARN_BOOL_CONVERSION = YES;
				CLANG_WARN_COMMA = YES;
				CLANG_WARN_CONSTANT_CONVERSION = YES;
				CLANG_WARN_DEPRECATED_OBJC_IMPLEMENTATIONS = YES;
				CLANG_WARN_DIRECT_OBJC_ISA_USAGE = YES_ERROR;
				CLANG_WARN_DOCUMENTATION_COMMENTS = YES;
				CLANG_WARN_EMPTY_BODY = YES;
				CLANG_WARN_ENUM_CONVERSION = YES;
				CLANG_WARN_INFINITE_RECURSION = YES;
				CLANG_WARN_INT_CONVERSION = YES;
				CLANG_WARN_NON_LITERAL_NULL_CONVERSION = YES;
				CLANG_WARN_OBJC_IMPLICIT_RETAIN_SELF = YES;
				CLANG_WARN_OBJC_LITERAL_CONVERSION = YES;
				CLANG_WARN_OBJC_ROOT_CLASS = YES_ERROR;
				CLANG_WARN_QUOTED_INCLUDE_IN_FRAMEWORK_HEADER = YES;
				CLANG_WARN_RANGE_LOOP_ANALYSIS = YES;
				CLANG_WARN_STRICT_PROTOTYPES = YES;
				CLANG_WARN_SUSPICIOUS_MOVE = YES;
				CLANG_WARN_UNGUARDED_AVAILABILITY = YES_AGGRESSIVE;
				CLANG_WARN_UNREACHABLE_CODE = YES;
				CLANG_WARN__DUPLICATE_METHOD_MATCH = YES;
				COPY_PHASE_STRIP = NO;
				DEBUG_INFORMATION_FORMAT = dwarf;
				ENABLE_STRICT_OBJC_MSGSEND = YES;
				ENABLE_TESTABILITY = YES;
				ENABLE_USER_SCRIPT_SANDBOXING = YES;
				GCC_C_LANGUAGE_STANDARD = gnu17;
				GCC_DYNAMIC_NO_PIC = NO;
				GCC_NO_COMMON_BLOCKS = YES;
				GCC_OPTIMIZATION_LEVEL = 0;
				GCC_PREPROCESSOR_DEFINITIONS = (
					"DEBUG=1",
					"$(inherited)",
				);
				GCC_WARN_64_TO_32_BIT_CONVERSION = YES;
				GCC_WARN_ABOUT_RETURN_TYPE = YES_ERROR;
				GCC_WARN_UNDECLARED_SELECTOR = YES;
				GCC_WARN_UNINITIALIZED_AUTOS = YES_AGGRESSIVE;
				GCC_WARN_UNUSED_FUNCTION = YES;
				GCC_WARN_UNUSED_VARIABLE = YES;
				IPHONEOS_DEPLOYMENT_TARGET = 13.0;
				LOCALIZATION_PREFERS_STRING_CATALOGS = YES;
				MTL_ENABLE_DEBUG_INFO = INCLUDE_SOURCE;
				MTL_FAST_MATH = YES;
				ONLY_ACTIVE_ARCH = YES;
				SDKROOT = iphoneos;
				SWIFT_ACTIVE_COMPILATION_CONDITIONS = "DEBUG $(inherited)";
				SWIFT_OPTIMIZATION_LEVEL = "-Onone";
			};
			name = Debug;
		};
		1EA42EB42BA15642003B104A /* Release */ = {
			isa = XCBuildConfiguration;
			buildSettings = {
				ALWAYS_SEARCH_USER_PATHS = NO;
				ASSETCATALOG_COMPILER_GENERATE_SWIFT_ASSET_SYMBOL_EXTENSIONS = YES;
				CLANG_ANALYZER_NONNULL = YES;
				CLANG_ANALYZER_NUMBER_OBJECT_CONVERSION = YES_AGGRESSIVE;
				CLANG_CXX_LANGUAGE_STANDARD = "gnu++20";
				CLANG_ENABLE_MODULES = YES;
				CLANG_ENABLE_OBJC_ARC = YES;
				CLANG_ENABLE_OBJC_WEAK = YES;
				CLANG_WARN_BLOCK_CAPTURE_AUTORELEASING = YES;
				CLANG_WARN_BOOL_CONVERSION = YES;
				CLANG_WARN_COMMA = YES;
				CLANG_WARN_CONSTANT_CONVERSION = YES;
				CLANG_WARN_DEPRECATED_OBJC_IMPLEMENTATIONS = YES;
				CLANG_WARN_DIRECT_OBJC_ISA_USAGE = YES_ERROR;
				CLANG_WARN_DOCUMENTATION_COMMENTS = YES;
				CLANG_WARN_EMPTY_BODY = YES;
				CLANG_WARN_ENUM_CONVERSION = YES;
				CLANG_WARN_INFINITE_RECURSION = YES;
				CLANG_WARN_INT_CONVERSION = YES;
				CLANG_WARN_NON_LITERAL_NULL_CONVERSION = YES;
				CLANG_WARN_OBJC_IMPLICIT_RETAIN_SELF = YES;
				CLANG_WARN_OBJC_LITERAL_CONVERSION = YES;
				CLANG_WARN_OBJC_ROOT_CLASS = YES_ERROR;
				CLANG_WARN_QUOTED_INCLUDE_IN_FRAMEWORK_HEADER = YES;
				CLANG_WARN_RANGE_LOOP_ANALYSIS = YES;
				CLANG_WARN_STRICT_PROTOTYPES = YES;
				CLANG_WARN_SUSPICIOUS_MOVE = YES;
				CLANG_WARN_UNGUARDED_AVAILABILITY = YES_AGGRESSIVE;
				CLANG_WARN_UNREACHABLE_CODE = YES;
				CLANG_WARN__DUPLICATE_METHOD_MATCH = YES;
				COPY_PHASE_STRIP = NO;
				DEBUG_INFORMATION_FORMAT = "dwarf-with-dsym";
				ENABLE_NS_ASSERTIONS = NO;
				ENABLE_STRICT_OBJC_MSGSEND = YES;
				ENABLE_USER_SCRIPT_SANDBOXING = YES;
				GCC_C_LANGUAGE_STANDARD = gnu17;
				GCC_NO_COMMON_BLOCKS = YES;
				GCC_WARN_64_TO_32_BIT_CONVERSION = YES;
				GCC_WARN_ABOUT_RETURN_TYPE = YES_ERROR;
				GCC_WARN_UNDECLARED_SELECTOR = YES;
				GCC_WARN_UNINITIALIZED_AUTOS = YES_AGGRESSIVE;
				GCC_WARN_UNUSED_FUNCTION = YES;
				GCC_WARN_UNUSED_VARIABLE = YES;
				IPHONEOS_DEPLOYMENT_TARGET = 13.0;
				LOCALIZATION_PREFERS_STRING_CATALOGS = YES;
				MTL_ENABLE_DEBUG_INFO = NO;
				MTL_FAST_MATH = YES;
				SDKROOT = iphoneos;
				SWIFT_COMPILATION_MODE = wholemodule;
				VALIDATE_PRODUCT = YES;
			};
			name = Release;
		};
		1EA42EB62BA15642003B104A /* Debug */ = {
			isa = XCBuildConfiguration;
			baseConfigurationReference = 78920D673FA52817309150F1 /* Pods-YWHMovie.debug.xcconfig */;
			buildSettings = {
				ASSETCATALOG_COMPILER_APPICON_NAME = AppIcon;
				ASSETCATALOG_COMPILER_GLOBAL_ACCENT_COLOR_NAME = AccentColor;
				CODE_SIGN_STYLE = Automatic;
				CURRENT_PROJECT_VERSION = 1;
				DEVELOPMENT_TEAM = 8THDYM7TFT;
				ENABLE_USER_SCRIPT_SANDBOXING = NO;
				GENERATE_INFOPLIST_FILE = YES;
				INFOPLIST_FILE = YWHMovie/Info.plist;
				INFOPLIST_KEY_UIApplicationSupportsIndirectInputEvents = YES;
				INFOPLIST_KEY_UILaunchStoryboardName = LaunchScreen;
				INFOPLIST_KEY_UIMainStoryboardFile = Main;
				INFOPLIST_KEY_UISupportedInterfaceOrientations_iPad = "UIInterfaceOrientationPortrait UIInterfaceOrientationPortraitUpsideDown UIInterfaceOrientationLandscapeLeft UIInterfaceOrientationLandscapeRight";
				INFOPLIST_KEY_UISupportedInterfaceOrientations_iPhone = "UIInterfaceOrientationPortrait UIInterfaceOrientationLandscapeLeft UIInterfaceOrientationLandscapeRight";
				LD_RUNPATH_SEARCH_PATHS = (
					"$(inherited)",
					"@executable_path/Frameworks",
				);
				MARKETING_VERSION = 1.0;
				PRODUCT_BUNDLE_IDENTIFIER = com.lianjian.YWHMovie;
				PRODUCT_NAME = "$(TARGET_NAME)";
				SWIFT_EMIT_LOC_STRINGS = YES;
				SWIFT_VERSION = 5.0;
				TARGETED_DEVICE_FAMILY = "1,2";
			};
			name = Debug;
		};
		1EA42EB72BA15642003B104A /* Release */ = {
			isa = XCBuildConfiguration;
			baseConfigurationReference = BE74C36802FC52A1E2439348 /* Pods-YWHMovie.release.xcconfig */;
			buildSettings = {
				ASSETCATALOG_COMPILER_APPICON_NAME = AppIcon;
				ASSETCATALOG_COMPILER_GLOBAL_ACCENT_COLOR_NAME = AccentColor;
				CODE_SIGN_STYLE = Automatic;
				CURRENT_PROJECT_VERSION = 1;
				DEVELOPMENT_TEAM = 8THDYM7TFT;
				ENABLE_USER_SCRIPT_SANDBOXING = NO;
				GENERATE_INFOPLIST_FILE = YES;
				INFOPLIST_FILE = YWHMovie/Info.plist;
				INFOPLIST_KEY_UIApplicationSupportsIndirectInputEvents = YES;
				INFOPLIST_KEY_UILaunchStoryboardName = LaunchScreen;
				INFOPLIST_KEY_UIMainStoryboardFile = Main;
				INFOPLIST_KEY_UISupportedInterfaceOrientations_iPad = "UIInterfaceOrientationPortrait UIInterfaceOrientationPortraitUpsideDown UIInterfaceOrientationLandscapeLeft UIInterfaceOrientationLandscapeRight";
				INFOPLIST_KEY_UISupportedInterfaceOrientations_iPhone = "UIInterfaceOrientationPortrait UIInterfaceOrientationLandscapeLeft UIInterfaceOrientationLandscapeRight";
				LD_RUNPATH_SEARCH_PATHS = (
					"$(inherited)",
					"@executable_path/Frameworks",
				);
				MARKETING_VERSION = 1.0;
				PRODUCT_BUNDLE_IDENTIFIER = com.lianjian.YWHMovie;
				PRODUCT_NAME = "$(TARGET_NAME)";
				SWIFT_EMIT_LOC_STRINGS = YES;
				SWIFT_VERSION = 5.0;
				TARGETED_DEVICE_FAMILY = "1,2";
			};
			name = Release;
		};
		1EA42EB92BA15642003B104A /* Debug */ = {
			isa = XCBuildConfiguration;
			baseConfigurationReference = D5C116AA5FC10A385944E33E /* Pods-YWHMovieTests.debug.xcconfig */;
			buildSettings = {
				ALWAYS_EMBED_SWIFT_STANDARD_LIBRARIES = YES;
				BUNDLE_LOADER = "$(TEST_HOST)";
				CODE_SIGN_STYLE = Automatic;
				CURRENT_PROJECT_VERSION = 1;
				DEVELOPMENT_TEAM = 8THDYM7TFT;
				GENERATE_INFOPLIST_FILE = YES;
				IPHONEOS_DEPLOYMENT_TARGET = 17.2;
				MARKETING_VERSION = 1.0;
				PRODUCT_BUNDLE_IDENTIFIER = com.lianjian.YWHMovieTests;
				PRODUCT_NAME = "$(TARGET_NAME)";
				SWIFT_EMIT_LOC_STRINGS = NO;
				SWIFT_VERSION = 5.0;
				TARGETED_DEVICE_FAMILY = "1,2";
				TEST_HOST = "$(BUILT_PRODUCTS_DIR)/YWHMovie.app/$(BUNDLE_EXECUTABLE_FOLDER_PATH)/YWHMovie";
			};
			name = Debug;
		};
		1EA42EBA2BA15642003B104A /* Release */ = {
			isa = XCBuildConfiguration;
			baseConfigurationReference = ABB91842BCBFD0D8A5A7EB22 /* Pods-YWHMovieTests.release.xcconfig */;
			buildSettings = {
				ALWAYS_EMBED_SWIFT_STANDARD_LIBRARIES = YES;
				BUNDLE_LOADER = "$(TEST_HOST)";
				CODE_SIGN_STYLE = Automatic;
				CURRENT_PROJECT_VERSION = 1;
				DEVELOPMENT_TEAM = 8THDYM7TFT;
				GENERATE_INFOPLIST_FILE = YES;
				IPHONEOS_DEPLOYMENT_TARGET = 17.2;
				MARKETING_VERSION = 1.0;
				PRODUCT_BUNDLE_IDENTIFIER = com.lianjian.YWHMovieTests;
				PRODUCT_NAME = "$(TARGET_NAME)";
				SWIFT_EMIT_LOC_STRINGS = NO;
				SWIFT_VERSION = 5.0;
				TARGETED_DEVICE_FAMILY = "1,2";
				TEST_HOST = "$(BUILT_PRODUCTS_DIR)/YWHMovie.app/$(BUNDLE_EXECUTABLE_FOLDER_PATH)/YWHMovie";
			};
			name = Release;
		};
		1EA42EBC2BA15642003B104A /* Debug */ = {
			isa = XCBuildConfiguration;
			baseConfigurationReference = 13C16C6C4A68D60F499EAC57 /* Pods-YWHMovie-YWHMovieUITests.debug.xcconfig */;
			buildSettings = {
				ALWAYS_EMBED_SWIFT_STANDARD_LIBRARIES = YES;
				CODE_SIGN_STYLE = Automatic;
				CURRENT_PROJECT_VERSION = 1;
				DEVELOPMENT_TEAM = 8THDYM7TFT;
				GENERATE_INFOPLIST_FILE = YES;
				MARKETING_VERSION = 1.0;
				PRODUCT_BUNDLE_IDENTIFIER = com.lianjian.YWHMovieUITests;
				PRODUCT_NAME = "$(TARGET_NAME)";
				SWIFT_EMIT_LOC_STRINGS = NO;
				SWIFT_VERSION = 5.0;
				TARGETED_DEVICE_FAMILY = "1,2";
				TEST_TARGET_NAME = YWHMovie;
			};
			name = Debug;
		};
		1EA42EBD2BA15642003B104A /* Release */ = {
			isa = XCBuildConfiguration;
			baseConfigurationReference = 3EF2AD89C5F09DB80FC7BD3D /* Pods-YWHMovie-YWHMovieUITests.release.xcconfig */;
			buildSettings = {
				ALWAYS_EMBED_SWIFT_STANDARD_LIBRARIES = YES;
				CODE_SIGN_STYLE = Automatic;
				CURRENT_PROJECT_VERSION = 1;
				DEVELOPMENT_TEAM = 8THDYM7TFT;
				GENERATE_INFOPLIST_FILE = YES;
				MARKETING_VERSION = 1.0;
				PRODUCT_BUNDLE_IDENTIFIER = com.lianjian.YWHMovieUITests;
				PRODUCT_NAME = "$(TARGET_NAME)";
				SWIFT_EMIT_LOC_STRINGS = NO;
				SWIFT_VERSION = 5.0;
				TARGETED_DEVICE_FAMILY = "1,2";
				TEST_TARGET_NAME = YWHMovie;
			};
			name = Release;
		};
/* End XCBuildConfiguration section */

/* Begin XCConfigurationList section */
		1EA42E862BA15641003B104A /* Build configuration list for PBXProject "YWHMovie" */ = {
			isa = XCConfigurationList;
			buildConfigurations = (
				1EA42EB32BA15642003B104A /* Debug */,
				1EA42EB42BA15642003B104A /* Release */,
			);
			defaultConfigurationIsVisible = 0;
			defaultConfigurationName = Release;
		};
		1EA42EB52BA15642003B104A /* Build configuration list for PBXNativeTarget "YWHMovie" */ = {
			isa = XCConfigurationList;
			buildConfigurations = (
				1EA42EB62BA15642003B104A /* Debug */,
				1EA42EB72BA15642003B104A /* Release */,
			);
			defaultConfigurationIsVisible = 0;
			defaultConfigurationName = Release;
		};
		1EA42EB82BA15642003B104A /* Build configuration list for PBXNativeTarget "YWHMovieTests" */ = {
			isa = XCConfigurationList;
			buildConfigurations = (
				1EA42EB92BA15642003B104A /* Debug */,
				1EA42EBA2BA15642003B104A /* Release */,
			);
			defaultConfigurationIsVisible = 0;
			defaultConfigurationName = Release;
		};
		1EA42EBB2BA15642003B104A /* Build configuration list for PBXNativeTarget "YWHMovieUITests" */ = {
			isa = XCConfigurationList;
			buildConfigurations = (
				1EA42EBC2BA15642003B104A /* Debug */,
				1EA42EBD2BA15642003B104A /* Release */,
			);
			defaultConfigurationIsVisible = 0;
			defaultConfigurationName = Release;
		};
/* End XCConfigurationList section */
	};
	rootObject = 1EA42E832BA15641003B104A /* Project object */;
}
